// !$*UTF8*$!
{
	archiveVersion = 1;
	classes = {
	};
	objectVersion = 46;
	objects = {

/* Begin PBXBuildFile section */
		65F8CBB21D07E60E008C7763 /* main.m in Sources */ = {isa = PBXBuildFile; fileRef = 65F8CBB11D07E60E008C7763 /* main.m */; };
		65F8CBB51D07E60E008C7763 /* AppDelegate.m in Sources */ = {isa = PBXBuildFile; fileRef = 65F8CBB41D07E60E008C7763 /* AppDelegate.m */; };
		65F8CBB81D07E60E008C7763 /* ViewController.m in Sources */ = {isa = PBXBuildFile; fileRef = 65F8CBB71D07E60E008C7763 /* ViewController.m */; };
		65F8CBBB1D07E60E008C7763 /* Main.storyboard in Resources */ = {isa = PBXBuildFile; fileRef = 65F8CBB91D07E60E008C7763 /* Main.storyboard */; };
		65F8CBBD1D07E60E008C7763 /* Assets.xcassets in Resources */ = {isa = PBXBuildFile; fileRef = 65F8CBBC1D07E60E008C7763 /* Assets.xcassets */; };
		65F8CBC01D07E60E008C7763 /* LaunchScreen.storyboard in Resources */ = {isa = PBXBuildFile; fileRef = 65F8CBBE1D07E60E008C7763 /* LaunchScreen.storyboard */; };
		65F8CBCC1D07E697008C7763 /* ReportListViewController.m in Sources */ = {isa = PBXBuildFile; fileRef = 65F8CBCB1D07E697008C7763 /* ReportListViewController.m */; };
		65F8CC1B1D07F880008C7763 /* NewsHomeVC.m in Sources */ = {isa = PBXBuildFile; fileRef = 65F8CC1A1D07F880008C7763 /* NewsHomeVC.m */; };
		65F8CC1E1D07F8B4008C7763 /* MeHomeVC.m in Sources */ = {isa = PBXBuildFile; fileRef = 65F8CC1D1D07F8B4008C7763 /* MeHomeVC.m */; };
		65F8CC221D07F96C008C7763 /* LoginVC.m in Sources */ = {isa = PBXBuildFile; fileRef = 65F8CC211D07F96C008C7763 /* LoginVC.m */; };
		65F8CC281D080495008C7763 /* ReportCrankCallVC.m in Sources */ = {isa = PBXBuildFile; fileRef = 65F8CC271D080495008C7763 /* ReportCrankCallVC.m */; };
		65F8CC2B1D080503008C7763 /* ReportScamsCallVC.m in Sources */ = {isa = PBXBuildFile; fileRef = 65F8CC2A1D080503008C7763 /* ReportScamsCallVC.m */; };
		65F8CC3F1D08058D008C7763 /* MMLink.m in Sources */ = {isa = PBXBuildFile; fileRef = 65F8CC311D08058D008C7763 /* MMLink.m */; };
		65F8CC431D08058D008C7763 /* MMShare.m in Sources */ = {isa = PBXBuildFile; fileRef = 65F8CC381D08058D008C7763 /* MMShare.m */; };
		65F8CC491D0805BC008C7763 /* TGViewController.m in Sources */ = {isa = PBXBuildFile; fileRef = 65F8CC481D0805BC008C7763 /* TGViewController.m */; };
		65F8CC4E1D080AEF008C7763 /* TGButton.m in Sources */ = {isa = PBXBuildFile; fileRef = 65F8CC4D1D080AEF008C7763 /* TGButton.m */; };
		65F8CC511D080C63008C7763 /* TGLabel.m in Sources */ = {isa = PBXBuildFile; fileRef = 65F8CC501D080C63008C7763 /* TGLabel.m */; };
		65F8CC541D080CDB008C7763 /* TGManager.m in Sources */ = {isa = PBXBuildFile; fileRef = 65F8CC531D080CDB008C7763 /* TGManager.m */; };
		65F8CC571D080DBC008C7763 /* TGView.m in Sources */ = {isa = PBXBuildFile; fileRef = 65F8CC561D080DBC008C7763 /* TGView.m */; };
		65F8CC5A1D080F5E008C7763 /* UIView+Extension.m in Sources */ = {isa = PBXBuildFile; fileRef = 65F8CC591D080F5E008C7763 /* UIView+Extension.m */; };
		65F8CC5D1D081259008C7763 /* TGUtils.m in Sources */ = {isa = PBXBuildFile; fileRef = 65F8CC5C1D081259008C7763 /* TGUtils.m */; };
		65F8CC601D0CF964008C7763 /* TGJson.m in Sources */ = {isa = PBXBuildFile; fileRef = 65F8CC5F1D0CF964008C7763 /* TGJson.m */; };
		65F8CC631D0CF9C3008C7763 /* TGModel.m in Sources */ = {isa = PBXBuildFile; fileRef = 65F8CC621D0CF9C3008C7763 /* TGModel.m */; };
		65F8CC691D0CFB7D008C7763 /* NewsDetailModel.m in Sources */ = {isa = PBXBuildFile; fileRef = 65F8CC681D0CFB7D008C7763 /* NewsDetailModel.m */; };
		65F8CC6C1D0CFBAE008C7763 /* MeHomeCellModel.m in Sources */ = {isa = PBXBuildFile; fileRef = 65F8CC6B1D0CFBAE008C7763 /* MeHomeCellModel.m */; };
		65F8CC841D0CFE7F008C7763 /* MyMD5.m in Sources */ = {isa = PBXBuildFile; fileRef = 65F8CC831D0CFE7F008C7763 /* MyMD5.m */; };
		65F8CC8E1D0CFEE7008C7763 /* ParseRequestErrorData.m in Sources */ = {isa = PBXBuildFile; fileRef = 65F8CC871D0CFEE7008C7763 /* ParseRequestErrorData.m */; };
		65F8CC8F1D0CFEE7008C7763 /* RequsetData.m in Sources */ = {isa = PBXBuildFile; fileRef = 65F8CC8B1D0CFEE7008C7763 /* RequsetData.m */; };
		65F8CC901D0CFEE7008C7763 /* ServerRequest.m in Sources */ = {isa = PBXBuildFile; fileRef = 65F8CC8D1D0CFEE7008C7763 /* ServerRequest.m */; };
		65F8CD011D0D00FB008C7763 /* NSObject+SBJson.m in Sources */ = {isa = PBXBuildFile; fileRef = 65F8CCE91D0D00FB008C7763 /* NSObject+SBJson.m */; };
		65F8CD021D0D00FB008C7763 /* SBJsonParser.m in Sources */ = {isa = PBXBuildFile; fileRef = 65F8CCEC1D0D00FB008C7763 /* SBJsonParser.m */; };
		65F8CD031D0D00FB008C7763 /* SBJsonStreamParser.m in Sources */ = {isa = PBXBuildFile; fileRef = 65F8CCEE1D0D00FB008C7763 /* SBJsonStreamParser.m */; };
		65F8CD041D0D00FB008C7763 /* SBJsonStreamParserAccumulator.m in Sources */ = {isa = PBXBuildFile; fileRef = 65F8CCF01D0D00FB008C7763 /* SBJsonStreamParserAccumulator.m */; };
		65F8CD051D0D00FB008C7763 /* SBJsonStreamParserAdapter.m in Sources */ = {isa = PBXBuildFile; fileRef = 65F8CCF21D0D00FB008C7763 /* SBJsonStreamParserAdapter.m */; };
		65F8CD061D0D00FB008C7763 /* SBJsonStreamParserState.m in Sources */ = {isa = PBXBuildFile; fileRef = 65F8CCF41D0D00FB008C7763 /* SBJsonStreamParserState.m */; };
		65F8CD071D0D00FB008C7763 /* SBJsonStreamWriter.m in Sources */ = {isa = PBXBuildFile; fileRef = 65F8CCF61D0D00FB008C7763 /* SBJsonStreamWriter.m */; };
		65F8CD081D0D00FB008C7763 /* SBJsonStreamWriterAccumulator.m in Sources */ = {isa = PBXBuildFile; fileRef = 65F8CCF81D0D00FB008C7763 /* SBJsonStreamWriterAccumulator.m */; };
		65F8CD091D0D00FB008C7763 /* SBJsonStreamWriterState.m in Sources */ = {isa = PBXBuildFile; fileRef = 65F8CCFA1D0D00FB008C7763 /* SBJsonStreamWriterState.m */; };
		65F8CD0A1D0D00FB008C7763 /* SBJsonTokeniser.m in Sources */ = {isa = PBXBuildFile; fileRef = 65F8CCFC1D0D00FB008C7763 /* SBJsonTokeniser.m */; };
		65F8CD0B1D0D00FB008C7763 /* SBJsonUTF8Stream.m in Sources */ = {isa = PBXBuildFile; fileRef = 65F8CCFE1D0D00FB008C7763 /* SBJsonUTF8Stream.m */; };
		65F8CD0C1D0D00FB008C7763 /* SBJsonWriter.m in Sources */ = {isa = PBXBuildFile; fileRef = 65F8CD001D0D00FB008C7763 /* SBJsonWriter.m */; };
		65F8CD221D0D0DCE008C7763 /* AFHTTPRequestOperation.m in Sources */ = {isa = PBXBuildFile; fileRef = 65F8CD101D0D0DCE008C7763 /* AFHTTPRequestOperation.m */; };
		65F8CD231D0D0DCE008C7763 /* AFHTTPRequestOperationManager.m in Sources */ = {isa = PBXBuildFile; fileRef = 65F8CD121D0D0DCE008C7763 /* AFHTTPRequestOperationManager.m */; };
		65F8CD241D0D0DCE008C7763 /* AFHTTPSessionManager.m in Sources */ = {isa = PBXBuildFile; fileRef = 65F8CD141D0D0DCE008C7763 /* AFHTTPSessionManager.m */; };
		65F8CD251D0D0DCE008C7763 /* AFNetworkReachabilityManager.m in Sources */ = {isa = PBXBuildFile; fileRef = 65F8CD171D0D0DCE008C7763 /* AFNetworkReachabilityManager.m */; };
		65F8CD261D0D0DCE008C7763 /* AFSecurityPolicy.m in Sources */ = {isa = PBXBuildFile; fileRef = 65F8CD191D0D0DCE008C7763 /* AFSecurityPolicy.m */; };
		65F8CD271D0D0DCE008C7763 /* AFURLConnectionOperation.m in Sources */ = {isa = PBXBuildFile; fileRef = 65F8CD1B1D0D0DCE008C7763 /* AFURLConnectionOperation.m */; };
		65F8CD281D0D0DCE008C7763 /* AFURLRequestSerialization.m in Sources */ = {isa = PBXBuildFile; fileRef = 65F8CD1D1D0D0DCE008C7763 /* AFURLRequestSerialization.m */; };
		65F8CD291D0D0DCE008C7763 /* AFURLResponseSerialization.m in Sources */ = {isa = PBXBuildFile; fileRef = 65F8CD1F1D0D0DCE008C7763 /* AFURLResponseSerialization.m */; };
		65F8CD2A1D0D0DCE008C7763 /* AFURLSessionManager.m in Sources */ = {isa = PBXBuildFile; fileRef = 65F8CD211D0D0DCE008C7763 /* AFURLSessionManager.m */; };
		65F8CD2D1D0D0E82008C7763 /* NewsDetailsVC.m in Sources */ = {isa = PBXBuildFile; fileRef = 65F8CD2C1D0D0E82008C7763 /* NewsDetailsVC.m */; };
		65F8CD301D0D17FC008C7763 /* NewsHomeCell.m in Sources */ = {isa = PBXBuildFile; fileRef = 65F8CD2F1D0D17FC008C7763 /* NewsHomeCell.m */; };
/* End PBXBuildFile section */

/* Begin PBXFileReference section */
		65F8CBAD1D07E60E008C7763 /* SH12321.app */ = {isa = PBXFileReference; explicitFileType = wrapper.application; includeInIndex = 0; path = SH12321.app; sourceTree = BUILT_PRODUCTS_DIR; };
		65F8CBB11D07E60E008C7763 /* main.m */ = {isa = PBXFileReference; lastKnownFileType = sourcecode.c.objc; path = main.m; sourceTree = "<group>"; };
		65F8CBB31D07E60E008C7763 /* AppDelegate.h */ = {isa = PBXFileReference; lastKnownFileType = sourcecode.c.h; path = AppDelegate.h; sourceTree = "<group>"; };
		65F8CBB41D07E60E008C7763 /* AppDelegate.m */ = {isa = PBXFileReference; lastKnownFileType = sourcecode.c.objc; path = AppDelegate.m; sourceTree = "<group>"; };
		65F8CBB61D07E60E008C7763 /* ViewController.h */ = {isa = PBXFileReference; lastKnownFileType = sourcecode.c.h; path = ViewController.h; sourceTree = "<group>"; };
		65F8CBB71D07E60E008C7763 /* ViewController.m */ = {isa = PBXFileReference; lastKnownFileType = sourcecode.c.objc; path = ViewController.m; sourceTree = "<group>"; };
		65F8CBBA1D07E60E008C7763 /* Base */ = {isa = PBXFileReference; lastKnownFileType = file.storyboard; name = Base; path = Base.lproj/Main.storyboard; sourceTree = "<group>"; };
		65F8CBBC1D07E60E008C7763 /* Assets.xcassets */ = {isa = PBXFileReference; lastKnownFileType = folder.assetcatalog; path = Assets.xcassets; sourceTree = "<group>"; };
		65F8CBBF1D07E60E008C7763 /* Base */ = {isa = PBXFileReference; lastKnownFileType = file.storyboard; name = Base; path = Base.lproj/LaunchScreen.storyboard; sourceTree = "<group>"; };
		65F8CBC11D07E60E008C7763 /* Info.plist */ = {isa = PBXFileReference; lastKnownFileType = text.plist.xml; path = Info.plist; sourceTree = "<group>"; };
		65F8CBCA1D07E697008C7763 /* ReportListViewController.h */ = {isa = PBXFileReference; fileEncoding = 4; lastKnownFileType = sourcecode.c.h; path = ReportListViewController.h; sourceTree = "<group>"; };
		65F8CBCB1D07E697008C7763 /* ReportListViewController.m */ = {isa = PBXFileReference; fileEncoding = 4; lastKnownFileType = sourcecode.c.objc; path = ReportListViewController.m; sourceTree = "<group>"; };
		65F8CBCE1D07E712008C7763 /* TGCommon.h */ = {isa = PBXFileReference; lastKnownFileType = sourcecode.c.h; path = TGCommon.h; sourceTree = "<group>"; };
		65F8CC191D07F880008C7763 /* NewsHomeVC.h */ = {isa = PBXFileReference; fileEncoding = 4; lastKnownFileType = sourcecode.c.h; path = NewsHomeVC.h; sourceTree = "<group>"; };
		65F8CC1A1D07F880008C7763 /* NewsHomeVC.m */ = {isa = PBXFileReference; fileEncoding = 4; lastKnownFileType = sourcecode.c.objc; path = NewsHomeVC.m; sourceTree = "<group>"; };
		65F8CC1C1D07F8B4008C7763 /* MeHomeVC.h */ = {isa = PBXFileReference; fileEncoding = 4; lastKnownFileType = sourcecode.c.h; path = MeHomeVC.h; sourceTree = "<group>"; };
		65F8CC1D1D07F8B4008C7763 /* MeHomeVC.m */ = {isa = PBXFileReference; fileEncoding = 4; lastKnownFileType = sourcecode.c.objc; path = MeHomeVC.m; sourceTree = "<group>"; };
		65F8CC201D07F96C008C7763 /* LoginVC.h */ = {isa = PBXFileReference; fileEncoding = 4; lastKnownFileType = sourcecode.c.h; path = LoginVC.h; sourceTree = "<group>"; };
		65F8CC211D07F96C008C7763 /* LoginVC.m */ = {isa = PBXFileReference; fileEncoding = 4; lastKnownFileType = sourcecode.c.objc; path = LoginVC.m; sourceTree = "<group>"; };
		65F8CC261D080495008C7763 /* ReportCrankCallVC.h */ = {isa = PBXFileReference; fileEncoding = 4; lastKnownFileType = sourcecode.c.h; path = ReportCrankCallVC.h; sourceTree = "<group>"; };
		65F8CC271D080495008C7763 /* ReportCrankCallVC.m */ = {isa = PBXFileReference; fileEncoding = 4; lastKnownFileType = sourcecode.c.objc; path = ReportCrankCallVC.m; sourceTree = "<group>"; };
		65F8CC291D080503008C7763 /* ReportScamsCallVC.h */ = {isa = PBXFileReference; fileEncoding = 4; lastKnownFileType = sourcecode.c.h; path = ReportScamsCallVC.h; sourceTree = "<group>"; };
		65F8CC2A1D080503008C7763 /* ReportScamsCallVC.m */ = {isa = PBXFileReference; fileEncoding = 4; lastKnownFileType = sourcecode.c.objc; path = ReportScamsCallVC.m; sourceTree = "<group>"; };
		65F8CC301D08058D008C7763 /* MMLink.h */ = {isa = PBXFileReference; fileEncoding = 4; lastKnownFileType = sourcecode.c.h; path = MMLink.h; sourceTree = "<group>"; };
		65F8CC311D08058D008C7763 /* MMLink.m */ = {isa = PBXFileReference; fileEncoding = 4; lastKnownFileType = sourcecode.c.objc; path = MMLink.m; sourceTree = "<group>"; };
		65F8CC371D08058D008C7763 /* MMShare.h */ = {isa = PBXFileReference; fileEncoding = 4; lastKnownFileType = sourcecode.c.h; path = MMShare.h; sourceTree = "<group>"; };
		65F8CC381D08058D008C7763 /* MMShare.m */ = {isa = PBXFileReference; fileEncoding = 4; lastKnownFileType = sourcecode.c.objc; path = MMShare.m; sourceTree = "<group>"; };
		65F8CC471D0805BC008C7763 /* TGViewController.h */ = {isa = PBXFileReference; fileEncoding = 4; lastKnownFileType = sourcecode.c.h; path = TGViewController.h; sourceTree = "<group>"; };
		65F8CC481D0805BC008C7763 /* TGViewController.m */ = {isa = PBXFileReference; fileEncoding = 4; lastKnownFileType = sourcecode.c.objc; path = TGViewController.m; sourceTree = "<group>"; };
		65F8CC4C1D080AEF008C7763 /* TGButton.h */ = {isa = PBXFileReference; fileEncoding = 4; lastKnownFileType = sourcecode.c.h; path = TGButton.h; sourceTree = "<group>"; };
		65F8CC4D1D080AEF008C7763 /* TGButton.m */ = {isa = PBXFileReference; fileEncoding = 4; lastKnownFileType = sourcecode.c.objc; path = TGButton.m; sourceTree = "<group>"; };
		65F8CC4F1D080C63008C7763 /* TGLabel.h */ = {isa = PBXFileReference; fileEncoding = 4; lastKnownFileType = sourcecode.c.h; path = TGLabel.h; sourceTree = "<group>"; };
		65F8CC501D080C63008C7763 /* TGLabel.m */ = {isa = PBXFileReference; fileEncoding = 4; lastKnownFileType = sourcecode.c.objc; path = TGLabel.m; sourceTree = "<group>"; };
		65F8CC521D080CDB008C7763 /* TGManager.h */ = {isa = PBXFileReference; fileEncoding = 4; lastKnownFileType = sourcecode.c.h; path = TGManager.h; sourceTree = "<group>"; };
		65F8CC531D080CDB008C7763 /* TGManager.m */ = {isa = PBXFileReference; fileEncoding = 4; lastKnownFileType = sourcecode.c.objc; path = TGManager.m; sourceTree = "<group>"; };
		65F8CC551D080DBC008C7763 /* TGView.h */ = {isa = PBXFileReference; fileEncoding = 4; lastKnownFileType = sourcecode.c.h; path = TGView.h; sourceTree = "<group>"; };
		65F8CC561D080DBC008C7763 /* TGView.m */ = {isa = PBXFileReference; fileEncoding = 4; lastKnownFileType = sourcecode.c.objc; path = TGView.m; sourceTree = "<group>"; };
		65F8CC581D080F5E008C7763 /* UIView+Extension.h */ = {isa = PBXFileReference; fileEncoding = 4; lastKnownFileType = sourcecode.c.h; path = "UIView+Extension.h"; sourceTree = "<group>"; };
		65F8CC591D080F5E008C7763 /* UIView+Extension.m */ = {isa = PBXFileReference; fileEncoding = 4; lastKnownFileType = sourcecode.c.objc; path = "UIView+Extension.m"; sourceTree = "<group>"; };
		65F8CC5B1D081259008C7763 /* TGUtils.h */ = {isa = PBXFileReference; fileEncoding = 4; lastKnownFileType = sourcecode.c.h; path = TGUtils.h; sourceTree = "<group>"; };
		65F8CC5C1D081259008C7763 /* TGUtils.m */ = {isa = PBXFileReference; fileEncoding = 4; lastKnownFileType = sourcecode.c.objc; path = TGUtils.m; sourceTree = "<group>"; };
		65F8CC5E1D0CF964008C7763 /* TGJson.h */ = {isa = PBXFileReference; fileEncoding = 4; lastKnownFileType = sourcecode.c.h; path = TGJson.h; sourceTree = "<group>"; };
		65F8CC5F1D0CF964008C7763 /* TGJson.m */ = {isa = PBXFileReference; fileEncoding = 4; lastKnownFileType = sourcecode.c.objc; path = TGJson.m; sourceTree = "<group>"; };
		65F8CC611D0CF9C3008C7763 /* TGModel.h */ = {isa = PBXFileReference; fileEncoding = 4; lastKnownFileType = sourcecode.c.h; path = TGModel.h; sourceTree = "<group>"; };
		65F8CC621D0CF9C3008C7763 /* TGModel.m */ = {isa = PBXFileReference; fileEncoding = 4; lastKnownFileType = sourcecode.c.objc; path = TGModel.m; sourceTree = "<group>"; };
		65F8CC671D0CFB7D008C7763 /* NewsDetailModel.h */ = {isa = PBXFileReference; fileEncoding = 4; lastKnownFileType = sourcecode.c.h; path = NewsDetailModel.h; sourceTree = "<group>"; };
		65F8CC681D0CFB7D008C7763 /* NewsDetailModel.m */ = {isa = PBXFileReference; fileEncoding = 4; lastKnownFileType = sourcecode.c.objc; path = NewsDetailModel.m; sourceTree = "<group>"; };
		65F8CC6A1D0CFBAE008C7763 /* MeHomeCellModel.h */ = {isa = PBXFileReference; fileEncoding = 4; lastKnownFileType = sourcecode.c.h; path = MeHomeCellModel.h; sourceTree = "<group>"; };
		65F8CC6B1D0CFBAE008C7763 /* MeHomeCellModel.m */ = {isa = PBXFileReference; fileEncoding = 4; lastKnownFileType = sourcecode.c.objc; path = MeHomeCellModel.m; sourceTree = "<group>"; };
		65F8CC821D0CFE7F008C7763 /* MyMD5.h */ = {isa = PBXFileReference; fileEncoding = 4; lastKnownFileType = sourcecode.c.h; path = MyMD5.h; sourceTree = "<group>"; };
		65F8CC831D0CFE7F008C7763 /* MyMD5.m */ = {isa = PBXFileReference; fileEncoding = 4; lastKnownFileType = sourcecode.c.objc; path = MyMD5.m; sourceTree = "<group>"; };
		65F8CC861D0CFEE7008C7763 /* ParseRequestErrorData.h */ = {isa = PBXFileReference; fileEncoding = 4; lastKnownFileType = sourcecode.c.h; path = ParseRequestErrorData.h; sourceTree = "<group>"; };
		65F8CC871D0CFEE7008C7763 /* ParseRequestErrorData.m */ = {isa = PBXFileReference; fileEncoding = 4; lastKnownFileType = sourcecode.c.objc; path = ParseRequestErrorData.m; sourceTree = "<group>"; };
		65F8CC881D0CFEE7008C7763 /* RequestDefine.h */ = {isa = PBXFileReference; fileEncoding = 4; lastKnownFileType = sourcecode.c.h; path = RequestDefine.h; sourceTree = "<group>"; };
		65F8CC891D0CFEE7008C7763 /* RequestUrl.h */ = {isa = PBXFileReference; fileEncoding = 4; lastKnownFileType = sourcecode.c.h; path = RequestUrl.h; sourceTree = "<group>"; };
		65F8CC8A1D0CFEE7008C7763 /* RequsetData.h */ = {isa = PBXFileReference; fileEncoding = 4; lastKnownFileType = sourcecode.c.h; path = RequsetData.h; sourceTree = "<group>"; };
		65F8CC8B1D0CFEE7008C7763 /* RequsetData.m */ = {isa = PBXFileReference; fileEncoding = 4; lastKnownFileType = sourcecode.c.objc; path = RequsetData.m; sourceTree = "<group>"; };
		65F8CC8C1D0CFEE7008C7763 /* ServerRequest.h */ = {isa = PBXFileReference; fileEncoding = 4; lastKnownFileType = sourcecode.c.h; path = ServerRequest.h; sourceTree = "<group>"; };
		65F8CC8D1D0CFEE7008C7763 /* ServerRequest.m */ = {isa = PBXFileReference; fileEncoding = 4; lastKnownFileType = sourcecode.c.objc; path = ServerRequest.m; sourceTree = "<group>"; };
		65F8CC921D0CFF98008C7763 /* SH12321PrefixHeader.pch */ = {isa = PBXFileReference; fileEncoding = 4; lastKnownFileType = sourcecode.c.h; path = SH12321PrefixHeader.pch; sourceTree = "<group>"; };
		65F8CCE81D0D00FB008C7763 /* NSObject+SBJson.h */ = {isa = PBXFileReference; fileEncoding = 4; lastKnownFileType = sourcecode.c.h; path = "NSObject+SBJson.h"; sourceTree = "<group>"; };
		65F8CCE91D0D00FB008C7763 /* NSObject+SBJson.m */ = {isa = PBXFileReference; fileEncoding = 4; lastKnownFileType = sourcecode.c.objc; path = "NSObject+SBJson.m"; sourceTree = "<group>"; };
		65F8CCEA1D0D00FB008C7763 /* SBJson.h */ = {isa = PBXFileReference; fileEncoding = 4; lastKnownFileType = sourcecode.c.h; path = SBJson.h; sourceTree = "<group>"; };
		65F8CCEB1D0D00FB008C7763 /* SBJsonParser.h */ = {isa = PBXFileReference; fileEncoding = 4; lastKnownFileType = sourcecode.c.h; path = SBJsonParser.h; sourceTree = "<group>"; };
		65F8CCEC1D0D00FB008C7763 /* SBJsonParser.m */ = {isa = PBXFileReference; fileEncoding = 4; lastKnownFileType = sourcecode.c.objc; path = SBJsonParser.m; sourceTree = "<group>"; };
		65F8CCED1D0D00FB008C7763 /* SBJsonStreamParser.h */ = {isa = PBXFileReference; fileEncoding = 4; lastKnownFileType = sourcecode.c.h; path = SBJsonStreamParser.h; sourceTree = "<group>"; };
		65F8CCEE1D0D00FB008C7763 /* SBJsonStreamParser.m */ = {isa = PBXFileReference; fileEncoding = 4; lastKnownFileType = sourcecode.c.objc; path = SBJsonStreamParser.m; sourceTree = "<group>"; };
		65F8CCEF1D0D00FB008C7763 /* SBJsonStreamParserAccumulator.h */ = {isa = PBXFileReference; fileEncoding = 4; lastKnownFileType = sourcecode.c.h; path = SBJsonStreamParserAccumulator.h; sourceTree = "<group>"; };
		65F8CCF01D0D00FB008C7763 /* SBJsonStreamParserAccumulator.m */ = {isa = PBXFileReference; fileEncoding = 4; lastKnownFileType = sourcecode.c.objc; path = SBJsonStreamParserAccumulator.m; sourceTree = "<group>"; };
		65F8CCF11D0D00FB008C7763 /* SBJsonStreamParserAdapter.h */ = {isa = PBXFileReference; fileEncoding = 4; lastKnownFileType = sourcecode.c.h; path = SBJsonStreamParserAdapter.h; sourceTree = "<group>"; };
		65F8CCF21D0D00FB008C7763 /* SBJsonStreamParserAdapter.m */ = {isa = PBXFileReference; fileEncoding = 4; lastKnownFileType = sourcecode.c.objc; path = SBJsonStreamParserAdapter.m; sourceTree = "<group>"; };
		65F8CCF31D0D00FB008C7763 /* SBJsonStreamParserState.h */ = {isa = PBXFileReference; fileEncoding = 4; lastKnownFileType = sourcecode.c.h; path = SBJsonStreamParserState.h; sourceTree = "<group>"; };
		65F8CCF41D0D00FB008C7763 /* SBJsonStreamParserState.m */ = {isa = PBXFileReference; fileEncoding = 4; lastKnownFileType = sourcecode.c.objc; path = SBJsonStreamParserState.m; sourceTree = "<group>"; };
		65F8CCF51D0D00FB008C7763 /* SBJsonStreamWriter.h */ = {isa = PBXFileReference; fileEncoding = 4; lastKnownFileType = sourcecode.c.h; path = SBJsonStreamWriter.h; sourceTree = "<group>"; };
		65F8CCF61D0D00FB008C7763 /* SBJsonStreamWriter.m */ = {isa = PBXFileReference; fileEncoding = 4; lastKnownFileType = sourcecode.c.objc; path = SBJsonStreamWriter.m; sourceTree = "<group>"; };
		65F8CCF71D0D00FB008C7763 /* SBJsonStreamWriterAccumulator.h */ = {isa = PBXFileReference; fileEncoding = 4; lastKnownFileType = sourcecode.c.h; path = SBJsonStreamWriterAccumulator.h; sourceTree = "<group>"; };
		65F8CCF81D0D00FB008C7763 /* SBJsonStreamWriterAccumulator.m */ = {isa = PBXFileReference; fileEncoding = 4; lastKnownFileType = sourcecode.c.objc; path = SBJsonStreamWriterAccumulator.m; sourceTree = "<group>"; };
		65F8CCF91D0D00FB008C7763 /* SBJsonStreamWriterState.h */ = {isa = PBXFileReference; fileEncoding = 4; lastKnownFileType = sourcecode.c.h; path = SBJsonStreamWriterState.h; sourceTree = "<group>"; };
		65F8CCFA1D0D00FB008C7763 /* SBJsonStreamWriterState.m */ = {isa = PBXFileReference; fileEncoding = 4; lastKnownFileType = sourcecode.c.objc; path = SBJsonStreamWriterState.m; sourceTree = "<group>"; };
		65F8CCFB1D0D00FB008C7763 /* SBJsonTokeniser.h */ = {isa = PBXFileReference; fileEncoding = 4; lastKnownFileType = sourcecode.c.h; path = SBJsonTokeniser.h; sourceTree = "<group>"; };
		65F8CCFC1D0D00FB008C7763 /* SBJsonTokeniser.m */ = {isa = PBXFileReference; fileEncoding = 4; lastKnownFileType = sourcecode.c.objc; path = SBJsonTokeniser.m; sourceTree = "<group>"; };
		65F8CCFD1D0D00FB008C7763 /* SBJsonUTF8Stream.h */ = {isa = PBXFileReference; fileEncoding = 4; lastKnownFileType = sourcecode.c.h; path = SBJsonUTF8Stream.h; sourceTree = "<group>"; };
		65F8CCFE1D0D00FB008C7763 /* SBJsonUTF8Stream.m */ = {isa = PBXFileReference; fileEncoding = 4; lastKnownFileType = sourcecode.c.objc; path = SBJsonUTF8Stream.m; sourceTree = "<group>"; };
		65F8CCFF1D0D00FB008C7763 /* SBJsonWriter.h */ = {isa = PBXFileReference; fileEncoding = 4; lastKnownFileType = sourcecode.c.h; path = SBJsonWriter.h; sourceTree = "<group>"; };
		65F8CD001D0D00FB008C7763 /* SBJsonWriter.m */ = {isa = PBXFileReference; fileEncoding = 4; lastKnownFileType = sourcecode.c.objc; path = SBJsonWriter.m; sourceTree = "<group>"; };
		65F8CD0F1D0D0DCE008C7763 /* AFHTTPRequestOperation.h */ = {isa = PBXFileReference; fileEncoding = 4; lastKnownFileType = sourcecode.c.h; path = AFHTTPRequestOperation.h; sourceTree = "<group>"; };
		65F8CD101D0D0DCE008C7763 /* AFHTTPRequestOperation.m */ = {isa = PBXFileReference; fileEncoding = 4; lastKnownFileType = sourcecode.c.objc; path = AFHTTPRequestOperation.m; sourceTree = "<group>"; };
		65F8CD111D0D0DCE008C7763 /* AFHTTPRequestOperationManager.h */ = {isa = PBXFileReference; fileEncoding = 4; lastKnownFileType = sourcecode.c.h; path = AFHTTPRequestOperationManager.h; sourceTree = "<group>"; };
		65F8CD121D0D0DCE008C7763 /* AFHTTPRequestOperationManager.m */ = {isa = PBXFileReference; fileEncoding = 4; lastKnownFileType = sourcecode.c.objc; path = AFHTTPRequestOperationManager.m; sourceTree = "<group>"; };
		65F8CD131D0D0DCE008C7763 /* AFHTTPSessionManager.h */ = {isa = PBXFileReference; fileEncoding = 4; lastKnownFileType = sourcecode.c.h; path = AFHTTPSessionManager.h; sourceTree = "<group>"; };
		65F8CD141D0D0DCE008C7763 /* AFHTTPSessionManager.m */ = {isa = PBXFileReference; fileEncoding = 4; lastKnownFileType = sourcecode.c.objc; path = AFHTTPSessionManager.m; sourceTree = "<group>"; };
		65F8CD151D0D0DCE008C7763 /* AFNetworking.h */ = {isa = PBXFileReference; fileEncoding = 4; lastKnownFileType = sourcecode.c.h; path = AFNetworking.h; sourceTree = "<group>"; };
		65F8CD161D0D0DCE008C7763 /* AFNetworkReachabilityManager.h */ = {isa = PBXFileReference; fileEncoding = 4; lastKnownFileType = sourcecode.c.h; path = AFNetworkReachabilityManager.h; sourceTree = "<group>"; };
		65F8CD171D0D0DCE008C7763 /* AFNetworkReachabilityManager.m */ = {isa = PBXFileReference; fileEncoding = 4; lastKnownFileType = sourcecode.c.objc; path = AFNetworkReachabilityManager.m; sourceTree = "<group>"; };
		65F8CD181D0D0DCE008C7763 /* AFSecurityPolicy.h */ = {isa = PBXFileReference; fileEncoding = 4; lastKnownFileType = sourcecode.c.h; path = AFSecurityPolicy.h; sourceTree = "<group>"; };
		65F8CD191D0D0DCE008C7763 /* AFSecurityPolicy.m */ = {isa = PBXFileReference; fileEncoding = 4; lastKnownFileType = sourcecode.c.objc; path = AFSecurityPolicy.m; sourceTree = "<group>"; };
		65F8CD1A1D0D0DCE008C7763 /* AFURLConnectionOperation.h */ = {isa = PBXFileReference; fileEncoding = 4; lastKnownFileType = sourcecode.c.h; path = AFURLConnectionOperation.h; sourceTree = "<group>"; };
		65F8CD1B1D0D0DCE008C7763 /* AFURLConnectionOperation.m */ = {isa = PBXFileReference; fileEncoding = 4; lastKnownFileType = sourcecode.c.objc; path = AFURLConnectionOperation.m; sourceTree = "<group>"; };
		65F8CD1C1D0D0DCE008C7763 /* AFURLRequestSerialization.h */ = {isa = PBXFileReference; fileEncoding = 4; lastKnownFileType = sourcecode.c.h; path = AFURLRequestSerialization.h; sourceTree = "<group>"; };
		65F8CD1D1D0D0DCE008C7763 /* AFURLRequestSerialization.m */ = {isa = PBXFileReference; fileEncoding = 4; lastKnownFileType = sourcecode.c.objc; path = AFURLRequestSerialization.m; sourceTree = "<group>"; };
		65F8CD1E1D0D0DCE008C7763 /* AFURLResponseSerialization.h */ = {isa = PBXFileReference; fileEncoding = 4; lastKnownFileType = sourcecode.c.h; path = AFURLResponseSerialization.h; sourceTree = "<group>"; };
		65F8CD1F1D0D0DCE008C7763 /* AFURLResponseSerialization.m */ = {isa = PBXFileReference; fileEncoding = 4; lastKnownFileType = sourcecode.c.objc; path = AFURLResponseSerialization.m; sourceTree = "<group>"; };
		65F8CD201D0D0DCE008C7763 /* AFURLSessionManager.h */ = {isa = PBXFileReference; fileEncoding = 4; lastKnownFileType = sourcecode.c.h; path = AFURLSessionManager.h; sourceTree = "<group>"; };
		65F8CD211D0D0DCE008C7763 /* AFURLSessionManager.m */ = {isa = PBXFileReference; fileEncoding = 4; lastKnownFileType = sourcecode.c.objc; path = AFURLSessionManager.m; sourceTree = "<group>"; };
		65F8CD2B1D0D0E82008C7763 /* NewsDetailsVC.h */ = {isa = PBXFileReference; fileEncoding = 4; lastKnownFileType = sourcecode.c.h; path = NewsDetailsVC.h; sourceTree = "<group>"; };
		65F8CD2C1D0D0E82008C7763 /* NewsDetailsVC.m */ = {isa = PBXFileReference; fileEncoding = 4; lastKnownFileType = sourcecode.c.objc; path = NewsDetailsVC.m; sourceTree = "<group>"; };
		65F8CD2E1D0D17FC008C7763 /* NewsHomeCell.h */ = {isa = PBXFileReference; fileEncoding = 4; lastKnownFileType = sourcecode.c.h; path = NewsHomeCell.h; sourceTree = "<group>"; };
		65F8CD2F1D0D17FC008C7763 /* NewsHomeCell.m */ = {isa = PBXFileReference; fileEncoding = 4; lastKnownFileType = sourcecode.c.objc; path = NewsHomeCell.m; sourceTree = "<group>"; };
/* End PBXFileReference section */

/* Begin PBXFrameworksBuildPhase section */
		65F8CBAA1D07E60E008C7763 /* Frameworks */ = {
			isa = PBXFrameworksBuildPhase;
			buildActionMask = 2147483647;
			files = (
			);
			runOnlyForDeploymentPostprocessing = 0;
		};
/* End PBXFrameworksBuildPhase section */

/* Begin PBXGroup section */
		65F8CBA41D07E60E008C7763 = {
			isa = PBXGroup;
			children = (
				65F8CBAF1D07E60E008C7763 /* SH12321 */,
				65F8CBAE1D07E60E008C7763 /* Products */,
			);
			sourceTree = "<group>";
		};
		65F8CBAE1D07E60E008C7763 /* Products */ = {
			isa = PBXGroup;
			children = (
				65F8CBAD1D07E60E008C7763 /* SH12321.app */,
			);
			name = Products;
			sourceTree = "<group>";
		};
		65F8CBAF1D07E60E008C7763 /* SH12321 */ = {
			isa = PBXGroup;
			children = (
				65F8CC801D0CFE4B008C7763 /* ThirdPartyTools */,
				65F8CC911D0CFF74008C7763 /* Configs */,
				65F8CC461D08059B008C7763 /* TGUI */,
				65F8CBCD1D07E6F3008C7763 /* TGUtils */,
				65F8CBC91D07E634008C7763 /* Report */,
				65F8CC171D07F82E008C7763 /* News */,
				65F8CC181D07F85C008C7763 /* Me */,
				65F8CC1F1D07F94D008C7763 /* Login */,
				65F8CC851D0CFEBE008C7763 /* Request */,
				65F8CBB31D07E60E008C7763 /* AppDelegate.h */,
				65F8CBB41D07E60E008C7763 /* AppDelegate.m */,
				65F8CBB61D07E60E008C7763 /* ViewController.h */,
				65F8CBB71D07E60E008C7763 /* ViewController.m */,
				65F8CBB91D07E60E008C7763 /* Main.storyboard */,
				65F8CBBC1D07E60E008C7763 /* Assets.xcassets */,
				65F8CBBE1D07E60E008C7763 /* LaunchScreen.storyboard */,
				65F8CBC11D07E60E008C7763 /* Info.plist */,
				65F8CBB01D07E60E008C7763 /* Supporting Files */,
			);
			path = SH12321;
			sourceTree = "<group>";
		};
		65F8CBB01D07E60E008C7763 /* Supporting Files */ = {
			isa = PBXGroup;
			children = (
				65F8CBB11D07E60E008C7763 /* main.m */,
			);
			name = "Supporting Files";
			sourceTree = "<group>";
		};
		65F8CBC91D07E634008C7763 /* Report */ = {
			isa = PBXGroup;
			children = (
				65F8CBCA1D07E697008C7763 /* ReportListViewController.h */,
				65F8CBCB1D07E697008C7763 /* ReportListViewController.m */,
				65F8CC261D080495008C7763 /* ReportCrankCallVC.h */,
				65F8CC271D080495008C7763 /* ReportCrankCallVC.m */,
				65F8CC291D080503008C7763 /* ReportScamsCallVC.h */,
				65F8CC2A1D080503008C7763 /* ReportScamsCallVC.m */,
			);
			name = Report;
			sourceTree = "<group>";
		};
		65F8CBCD1D07E6F3008C7763 /* TGUtils */ = {
			isa = PBXGroup;
			children = (
				65F8CC5E1D0CF964008C7763 /* TGJson.h */,
				65F8CC5F1D0CF964008C7763 /* TGJson.m */,
				65F8CC301D08058D008C7763 /* MMLink.h */,
				65F8CC311D08058D008C7763 /* MMLink.m */,
				65F8CC611D0CF9C3008C7763 /* TGModel.h */,
				65F8CC621D0CF9C3008C7763 /* TGModel.m */,
				65F8CC371D08058D008C7763 /* MMShare.h */,
				65F8CC381D08058D008C7763 /* MMShare.m */,
				65F8CC5B1D081259008C7763 /* TGUtils.h */,
				65F8CC5C1D081259008C7763 /* TGUtils.m */,
				65F8CBCE1D07E712008C7763 /* TGCommon.h */,
				65F8CC521D080CDB008C7763 /* TGManager.h */,
				65F8CC531D080CDB008C7763 /* TGManager.m */,
			);
			name = TGUtils;
			sourceTree = "<group>";
		};
		65F8CC171D07F82E008C7763 /* News */ = {
			isa = PBXGroup;
			children = (
				65F8CC191D07F880008C7763 /* NewsHomeVC.h */,
				65F8CC1A1D07F880008C7763 /* NewsHomeVC.m */,
				65F8CD2B1D0D0E82008C7763 /* NewsDetailsVC.h */,
				65F8CD2C1D0D0E82008C7763 /* NewsDetailsVC.m */,
				65F8CC671D0CFB7D008C7763 /* NewsDetailModel.h */,
				65F8CC681D0CFB7D008C7763 /* NewsDetailModel.m */,
				65F8CD2E1D0D17FC008C7763 /* NewsHomeCell.h */,
				65F8CD2F1D0D17FC008C7763 /* NewsHomeCell.m */,
			);
			name = News;
			sourceTree = "<group>";
		};
		65F8CC181D07F85C008C7763 /* Me */ = {
			isa = PBXGroup;
			children = (
				65F8CC1C1D07F8B4008C7763 /* MeHomeVC.h */,
				65F8CC1D1D07F8B4008C7763 /* MeHomeVC.m */,
				65F8CC6A1D0CFBAE008C7763 /* MeHomeCellModel.h */,
				65F8CC6B1D0CFBAE008C7763 /* MeHomeCellModel.m */,
			);
			name = Me;
			sourceTree = "<group>";
		};
		65F8CC1F1D07F94D008C7763 /* Login */ = {
			isa = PBXGroup;
			children = (
				65F8CC201D07F96C008C7763 /* LoginVC.h */,
				65F8CC211D07F96C008C7763 /* LoginVC.m */,
			);
			name = Login;
			sourceTree = "<group>";
		};
		65F8CC461D08059B008C7763 /* TGUI */ = {
			isa = PBXGroup;
			children = (
				65F8CC471D0805BC008C7763 /* TGViewController.h */,
				65F8CC481D0805BC008C7763 /* TGViewController.m */,
				65F8CC551D080DBC008C7763 /* TGView.h */,
				65F8CC561D080DBC008C7763 /* TGView.m */,
				65F8CC581D080F5E008C7763 /* UIView+Extension.h */,
				65F8CC591D080F5E008C7763 /* UIView+Extension.m */,
				65F8CC4C1D080AEF008C7763 /* TGButton.h */,
				65F8CC4D1D080AEF008C7763 /* TGButton.m */,
				65F8CC4F1D080C63008C7763 /* TGLabel.h */,
				65F8CC501D080C63008C7763 /* TGLabel.m */,
			);
			name = TGUI;
			sourceTree = "<group>";
		};
		65F8CC801D0CFE4B008C7763 /* ThirdPartyTools */ = {
			isa = PBXGroup;
			children = (
				65F8CD0E1D0D0DCE008C7763 /* AFNetworking */,
				65F8CCE71D0D00FB008C7763 /* SBJson */,
				65F8CC811D0CFE62008C7763 /* MD5 */,
			);
			path = ThirdPartyTools;
			sourceTree = "<group>";
		};
		65F8CC811D0CFE62008C7763 /* MD5 */ = {
			isa = PBXGroup;
			children = (
				65F8CC821D0CFE7F008C7763 /* MyMD5.h */,
				65F8CC831D0CFE7F008C7763 /* MyMD5.m */,
			);
			path = MD5;
			sourceTree = "<group>";
		};
		65F8CC851D0CFEBE008C7763 /* Request */ = {
			isa = PBXGroup;
			children = (
				65F8CC861D0CFEE7008C7763 /* ParseRequestErrorData.h */,
				65F8CC871D0CFEE7008C7763 /* ParseRequestErrorData.m */,
				65F8CC881D0CFEE7008C7763 /* RequestDefine.h */,
				65F8CC891D0CFEE7008C7763 /* RequestUrl.h */,
				65F8CC8A1D0CFEE7008C7763 /* RequsetData.h */,
				65F8CC8B1D0CFEE7008C7763 /* RequsetData.m */,
				65F8CC8C1D0CFEE7008C7763 /* ServerRequest.h */,
				65F8CC8D1D0CFEE7008C7763 /* ServerRequest.m */,
			);
			path = Request;
			sourceTree = "<group>";
		};
		65F8CC911D0CFF74008C7763 /* Configs */ = {
			isa = PBXGroup;
			children = (
				65F8CC921D0CFF98008C7763 /* SH12321PrefixHeader.pch */,
			);
			path = Configs;
			sourceTree = "<group>";
		};
		65F8CCE71D0D00FB008C7763 /* SBJson */ = {
			isa = PBXGroup;
			children = (
				65F8CCE81D0D00FB008C7763 /* NSObject+SBJson.h */,
				65F8CCE91D0D00FB008C7763 /* NSObject+SBJson.m */,
				65F8CCEA1D0D00FB008C7763 /* SBJson.h */,
				65F8CCEB1D0D00FB008C7763 /* SBJsonParser.h */,
				65F8CCEC1D0D00FB008C7763 /* SBJsonParser.m */,
				65F8CCED1D0D00FB008C7763 /* SBJsonStreamParser.h */,
				65F8CCEE1D0D00FB008C7763 /* SBJsonStreamParser.m */,
				65F8CCEF1D0D00FB008C7763 /* SBJsonStreamParserAccumulator.h */,
				65F8CCF01D0D00FB008C7763 /* SBJsonStreamParserAccumulator.m */,
				65F8CCF11D0D00FB008C7763 /* SBJsonStreamParserAdapter.h */,
				65F8CCF21D0D00FB008C7763 /* SBJsonStreamParserAdapter.m */,
				65F8CCF31D0D00FB008C7763 /* SBJsonStreamParserState.h */,
				65F8CCF41D0D00FB008C7763 /* SBJsonStreamParserState.m */,
				65F8CCF51D0D00FB008C7763 /* SBJsonStreamWriter.h */,
				65F8CCF61D0D00FB008C7763 /* SBJsonStreamWriter.m */,
				65F8CCF71D0D00FB008C7763 /* SBJsonStreamWriterAccumulator.h */,
				65F8CCF81D0D00FB008C7763 /* SBJsonStreamWriterAccumulator.m */,
				65F8CCF91D0D00FB008C7763 /* SBJsonStreamWriterState.h */,
				65F8CCFA1D0D00FB008C7763 /* SBJsonStreamWriterState.m */,
				65F8CCFB1D0D00FB008C7763 /* SBJsonTokeniser.h */,
				65F8CCFC1D0D00FB008C7763 /* SBJsonTokeniser.m */,
				65F8CCFD1D0D00FB008C7763 /* SBJsonUTF8Stream.h */,
				65F8CCFE1D0D00FB008C7763 /* SBJsonUTF8Stream.m */,
				65F8CCFF1D0D00FB008C7763 /* SBJsonWriter.h */,
				65F8CD001D0D00FB008C7763 /* SBJsonWriter.m */,
			);
			path = SBJson;
			sourceTree = "<group>";
		};
		65F8CD0E1D0D0DCE008C7763 /* AFNetworking */ = {
			isa = PBXGroup;
			children = (
				65F8CD0F1D0D0DCE008C7763 /* AFHTTPRequestOperation.h */,
				65F8CD101D0D0DCE008C7763 /* AFHTTPRequestOperation.m */,
				65F8CD111D0D0DCE008C7763 /* AFHTTPRequestOperationManager.h */,
				65F8CD121D0D0DCE008C7763 /* AFHTTPRequestOperationManager.m */,
				65F8CD131D0D0DCE008C7763 /* AFHTTPSessionManager.h */,
				65F8CD141D0D0DCE008C7763 /* AFHTTPSessionManager.m */,
				65F8CD151D0D0DCE008C7763 /* AFNetworking.h */,
				65F8CD161D0D0DCE008C7763 /* AFNetworkReachabilityManager.h */,
				65F8CD171D0D0DCE008C7763 /* AFNetworkReachabilityManager.m */,
				65F8CD181D0D0DCE008C7763 /* AFSecurityPolicy.h */,
				65F8CD191D0D0DCE008C7763 /* AFSecurityPolicy.m */,
				65F8CD1A1D0D0DCE008C7763 /* AFURLConnectionOperation.h */,
				65F8CD1B1D0D0DCE008C7763 /* AFURLConnectionOperation.m */,
				65F8CD1C1D0D0DCE008C7763 /* AFURLRequestSerialization.h */,
				65F8CD1D1D0D0DCE008C7763 /* AFURLRequestSerialization.m */,
				65F8CD1E1D0D0DCE008C7763 /* AFURLResponseSerialization.h */,
				65F8CD1F1D0D0DCE008C7763 /* AFURLResponseSerialization.m */,
				65F8CD201D0D0DCE008C7763 /* AFURLSessionManager.h */,
				65F8CD211D0D0DCE008C7763 /* AFURLSessionManager.m */,
			);
			path = AFNetworking;
			sourceTree = "<group>";
		};
/* End PBXGroup section */

/* Begin PBXNativeTarget section */
		65F8CBAC1D07E60E008C7763 /* SH12321 */ = {
			isa = PBXNativeTarget;
			buildConfigurationList = 65F8CBC41D07E60E008C7763 /* Build configuration list for PBXNativeTarget "SH12321" */;
			buildPhases = (
				65F8CBA91D07E60E008C7763 /* Sources */,
				65F8CBAA1D07E60E008C7763 /* Frameworks */,
				65F8CBAB1D07E60E008C7763 /* Resources */,
			);
			buildRules = (
			);
			dependencies = (
			);
			name = SH12321;
			productName = SH12321;
			productReference = 65F8CBAD1D07E60E008C7763 /* SH12321.app */;
			productType = "com.apple.product-type.application";
		};
/* End PBXNativeTarget section */

/* Begin PBXProject section */
		65F8CBA51D07E60E008C7763 /* Project object */ = {
			isa = PBXProject;
			attributes = {
				LastUpgradeCheck = 0730;
				ORGANIZATIONNAME = 12321;
				TargetAttributes = {
					65F8CBAC1D07E60E008C7763 = {
						CreatedOnToolsVersion = 7.3.1;
					};
				};
			};
			buildConfigurationList = 65F8CBA81D07E60E008C7763 /* Build configuration list for PBXProject "SH12321" */;
			compatibilityVersion = "Xcode 3.2";
			developmentRegion = English;
			hasScannedForEncodings = 0;
			knownRegions = (
				en,
				Base,
			);
			mainGroup = 65F8CBA41D07E60E008C7763;
			productRefGroup = 65F8CBAE1D07E60E008C7763 /* Products */;
			projectDirPath = "";
			projectRoot = "";
			targets = (
				65F8CBAC1D07E60E008C7763 /* SH12321 */,
			);
		};
/* End PBXProject section */

/* Begin PBXResourcesBuildPhase section */
		65F8CBAB1D07E60E008C7763 /* Resources */ = {
			isa = PBXResourcesBuildPhase;
			buildActionMask = 2147483647;
			files = (
				65F8CBC01D07E60E008C7763 /* LaunchScreen.storyboard in Resources */,
				65F8CBBD1D07E60E008C7763 /* Assets.xcassets in Resources */,
				65F8CBBB1D07E60E008C7763 /* Main.storyboard in Resources */,
			);
			runOnlyForDeploymentPostprocessing = 0;
		};
/* End PBXResourcesBuildPhase section */

/* Begin PBXSourcesBuildPhase section */
		65F8CBA91D07E60E008C7763 /* Sources */ = {
			isa = PBXSourcesBuildPhase;
			buildActionMask = 2147483647;
			files = (
				65F8CC8E1D0CFEE7008C7763 /* ParseRequestErrorData.m in Sources */,
				65F8CC841D0CFE7F008C7763 /* MyMD5.m in Sources */,
				65F8CBCC1D07E697008C7763 /* ReportListViewController.m in Sources */,
				65F8CD2D1D0D0E82008C7763 /* NewsDetailsVC.m in Sources */,
				65F8CC5A1D080F5E008C7763 /* UIView+Extension.m in Sources */,
				65F8CD271D0D0DCE008C7763 /* AFURLConnectionOperation.m in Sources */,
				65F8CD091D0D00FB008C7763 /* SBJsonStreamWriterState.m in Sources */,
				65F8CC431D08058D008C7763 /* MMShare.m in Sources */,
				65F8CD051D0D00FB008C7763 /* SBJsonStreamParserAdapter.m in Sources */,
				65F8CD301D0D17FC008C7763 /* NewsHomeCell.m in Sources */,
				65F8CBB81D07E60E008C7763 /* ViewController.m in Sources */,
				65F8CD2A1D0D0DCE008C7763 /* AFURLSessionManager.m in Sources */,
				65F8CC631D0CF9C3008C7763 /* TGModel.m in Sources */,
				65F8CD231D0D0DCE008C7763 /* AFHTTPRequestOperationManager.m in Sources */,
				65F8CC1B1D07F880008C7763 /* NewsHomeVC.m in Sources */,
				65F8CD011D0D00FB008C7763 /* NSObject+SBJson.m in Sources */,
				65F8CD251D0D0DCE008C7763 /* AFNetworkReachabilityManager.m in Sources */,
				65F8CBB51D07E60E008C7763 /* AppDelegate.m in Sources */,
				65F8CD221D0D0DCE008C7763 /* AFHTTPRequestOperation.m in Sources */,
				65F8CC491D0805BC008C7763 /* TGViewController.m in Sources */,
				65F8CC511D080C63008C7763 /* TGLabel.m in Sources */,
				65F8CC901D0CFEE7008C7763 /* ServerRequest.m in Sources */,
				65F8CC691D0CFB7D008C7763 /* NewsDetailModel.m in Sources */,
				65F8CD061D0D00FB008C7763 /* SBJsonStreamParserState.m in Sources */,
				65F8CD261D0D0DCE008C7763 /* AFSecurityPolicy.m in Sources */,
				65F8CC571D080DBC008C7763 /* TGView.m in Sources */,
				65F8CC541D080CDB008C7763 /* TGManager.m in Sources */,
				65F8CBB21D07E60E008C7763 /* main.m in Sources */,
				65F8CC5D1D081259008C7763 /* TGUtils.m in Sources */,
				65F8CC2B1D080503008C7763 /* ReportScamsCallVC.m in Sources */,
				65F8CD031D0D00FB008C7763 /* SBJsonStreamParser.m in Sources */,
				65F8CC601D0CF964008C7763 /* TGJson.m in Sources */,
				65F8CC6C1D0CFBAE008C7763 /* MeHomeCellModel.m in Sources */,
				65F8CC221D07F96C008C7763 /* LoginVC.m in Sources */,
				65F8CC4E1D080AEF008C7763 /* TGButton.m in Sources */,
				65F8CC281D080495008C7763 /* ReportCrankCallVC.m in Sources */,
				65F8CC1E1D07F8B4008C7763 /* MeHomeVC.m in Sources */,
				65F8CD0C1D0D00FB008C7763 /* SBJsonWriter.m in Sources */,
				65F8CC8F1D0CFEE7008C7763 /* RequsetData.m in Sources */,
				65F8CD241D0D0DCE008C7763 /* AFHTTPSessionManager.m in Sources */,
				65F8CD021D0D00FB008C7763 /* SBJsonParser.m in Sources */,
				65F8CD081D0D00FB008C7763 /* SBJsonStreamWriterAccumulator.m in Sources */,
				65F8CC3F1D08058D008C7763 /* MMLink.m in Sources */,
				65F8CD041D0D00FB008C7763 /* SBJsonStreamParserAccumulator.m in Sources */,
				65F8CD0A1D0D00FB008C7763 /* SBJsonTokeniser.m in Sources */,
				65F8CD281D0D0DCE008C7763 /* AFURLRequestSerialization.m in Sources */,
				65F8CD0B1D0D00FB008C7763 /* SBJsonUTF8Stream.m in Sources */,
				65F8CD291D0D0DCE008C7763 /* AFURLResponseSerialization.m in Sources */,
				65F8CD071D0D00FB008C7763 /* SBJsonStreamWriter.m in Sources */,
			);
			runOnlyForDeploymentPostprocessing = 0;
		};
/* End PBXSourcesBuildPhase section */

/* Begin PBXVariantGroup section */
		65F8CBB91D07E60E008C7763 /* Main.storyboard */ = {
			isa = PBXVariantGroup;
			children = (
				65F8CBBA1D07E60E008C7763 /* Base */,
			);
			name = Main.storyboard;
			sourceTree = "<group>";
		};
		65F8CBBE1D07E60E008C7763 /* LaunchScreen.storyboard */ = {
			isa = PBXVariantGroup;
			children = (
				65F8CBBF1D07E60E008C7763 /* Base */,
			);
			name = LaunchScreen.storyboard;
			sourceTree = "<group>";
		};
/* End PBXVariantGroup section */

/* Begin XCBuildConfiguration section */
		65F8CBC21D07E60E008C7763 /* Debug */ = {
			isa = XCBuildConfiguration;
			buildSettings = {
				ALWAYS_SEARCH_USER_PATHS = NO;
				CLANG_ANALYZER_NONNULL = YES;
				CLANG_CXX_LANGUAGE_STANDARD = "gnu++0x";
				CLANG_CXX_LIBRARY = "libc++";
				CLANG_ENABLE_MODULES = YES;
				CLANG_ENABLE_OBJC_ARC = YES;
				CLANG_WARN_BOOL_CONVERSION = YES;
				CLANG_WARN_CONSTANT_CONVERSION = YES;
				CLANG_WARN_DIRECT_OBJC_ISA_USAGE = YES_ERROR;
				CLANG_WARN_EMPTY_BODY = YES;
				CLANG_WARN_ENUM_CONVERSION = YES;
				CLANG_WARN_INT_CONVERSION = YES;
				CLANG_WARN_OBJC_ROOT_CLASS = YES_ERROR;
				CLANG_WARN_UNREACHABLE_CODE = YES;
				CLANG_WARN__DUPLICATE_METHOD_MATCH = YES;
				"CODE_SIGN_IDENTITY[sdk=iphoneos*]" = "iPhone Developer";
				COPY_PHASE_STRIP = NO;
				DEBUG_INFORMATION_FORMAT = dwarf;
				ENABLE_STRICT_OBJC_MSGSEND = YES;
				ENABLE_TESTABILITY = YES;
				GCC_C_LANGUAGE_STANDARD = gnu99;
				GCC_DYNAMIC_NO_PIC = NO;
				GCC_NO_COMMON_BLOCKS = YES;
				GCC_OPTIMIZATION_LEVEL = 0;
				GCC_PREPROCESSOR_DEFINITIONS = (
					"DEBUG=1",
					"$(inherited)",
				);
				GCC_WARN_64_TO_32_BIT_CONVERSION = YES;
				GCC_WARN_ABOUT_RETURN_TYPE = YES_ERROR;
				GCC_WARN_UNDECLARED_SELECTOR = YES;
				GCC_WARN_UNINITIALIZED_AUTOS = YES_AGGRESSIVE;
				GCC_WARN_UNUSED_FUNCTION = YES;
				GCC_WARN_UNUSED_VARIABLE = YES;
				IPHONEOS_DEPLOYMENT_TARGET = 9.3;
				MTL_ENABLE_DEBUG_INFO = YES;
				ONLY_ACTIVE_ARCH = YES;
				SDKROOT = iphoneos;
			};
			name = Debug;
		};
		65F8CBC31D07E60E008C7763 /* Release */ = {
			isa = XCBuildConfiguration;
			buildSettings = {
				ALWAYS_SEARCH_USER_PATHS = NO;
				CLANG_ANALYZER_NONNULL = YES;
				CLANG_CXX_LANGUAGE_STANDARD = "gnu++0x";
				CLANG_CXX_LIBRARY = "libc++";
				CLANG_ENABLE_MODULES = YES;
				CLANG_ENABLE_OBJC_ARC = YES;
				CLANG_WARN_BOOL_CONVERSION = YES;
				CLANG_WARN_CONSTANT_CONVERSION = YES;
				CLANG_WARN_DIRECT_OBJC_ISA_USAGE = YES_ERROR;
				CLANG_WARN_EMPTY_BODY = YES;
				CLANG_WARN_ENUM_CONVERSION = YES;
				CLANG_WARN_INT_CONVERSION = YES;
				CLANG_WARN_OBJC_ROOT_CLASS = YES_ERROR;
				CLANG_WARN_UNREACHABLE_CODE = YES;
				CLANG_WARN__DUPLICATE_METHOD_MATCH = YES;
				"CODE_SIGN_IDENTITY[sdk=iphoneos*]" = "iPhone Developer";
				COPY_PHASE_STRIP = NO;
				DEBUG_INFORMATION_FORMAT = "dwarf-with-dsym";
				ENABLE_NS_ASSERTIONS = NO;
				ENABLE_STRICT_OBJC_MSGSEND = YES;
				GCC_C_LANGUAGE_STANDARD = gnu99;
				GCC_NO_COMMON_BLOCKS = YES;
				GCC_WARN_64_TO_32_BIT_CONVERSION = YES;
				GCC_WARN_ABOUT_RETURN_TYPE = YES_ERROR;
				GCC_WARN_UNDECLARED_SELECTOR = YES;
				GCC_WARN_UNINITIALIZED_AUTOS = YES_AGGRESSIVE;
				GCC_WARN_UNUSED_FUNCTION = YES;
				GCC_WARN_UNUSED_VARIABLE = YES;
				IPHONEOS_DEPLOYMENT_TARGET = 9.3;
				MTL_ENABLE_DEBUG_INFO = NO;
				SDKROOT = iphoneos;
				VALIDATE_PRODUCT = YES;
			};
			name = Release;
		};
		65F8CBC51D07E60E008C7763 /* Debug */ = {
			isa = XCBuildConfiguration;
			buildSettings = {
				ASSETCATALOG_COMPILER_APPICON_NAME = AppIcon;
				CLANG_ENABLE_MODULES = YES;
				GCC_PRECOMPILE_PREFIX_HEADER = YES;
				GCC_PREFIX_HEADER = "$(SRCROOT)/SH12321/Configs/SH12321PrefixHeader.pch";
				INFOPLIST_FILE = SH12321/Info.plist;
				LD_RUNPATH_SEARCH_PATHS = "$(inherited) @executable_path/Frameworks";
				PRODUCT_BUNDLE_IDENTIFIER = com.sh.12321.SH12321;
				PRODUCT_NAME = "$(TARGET_NAME)";
				SWIFT_OPTIMIZATION_LEVEL = "-Onone";
			};
			name = Debug;
		};
		65F8CBC61D07E60E008C7763 /* Release */ = {
			isa = XCBuildConfiguration;
			buildSettings = {
				ASSETCATALOG_COMPILER_APPICON_NAME = AppIcon;
				CLANG_ENABLE_MODULES = YES;
				GCC_PRECOMPILE_PREFIX_HEADER = YES;
				GCC_PREFIX_HEADER = "$(SRCROOT)/SH12321/Configs/SH12321PrefixHeader.pch";
				INFOPLIST_FILE = SH12321/Info.plist;
				LD_RUNPATH_SEARCH_PATHS = "$(inherited) @executable_path/Frameworks";
				PRODUCT_BUNDLE_IDENTIFIER = com.sh.12321.SH12321;
				PRODUCT_NAME = "$(TARGET_NAME)";
			};
			name = Release;
		};
/* End XCBuildConfiguration section */

/* Begin XCConfigurationList section */
		65F8CBA81D07E60E008C7763 /* Build configuration list for PBXProject "SH12321" */ = {
			isa = XCConfigurationList;
			buildConfigurations = (
				65F8CBC21D07E60E008C7763 /* Debug */,
				65F8CBC31D07E60E008C7763 /* Release */,
			);
			defaultConfigurationIsVisible = 0;
			defaultConfigurationName = Release;
		};
		65F8CBC41D07E60E008C7763 /* Build configuration list for PBXNativeTarget "SH12321" */ = {
			isa = XCConfigurationList;
			buildConfigurations = (
				65F8CBC51D07E60E008C7763 /* Debug */,
				65F8CBC61D07E60E008C7763 /* Release */,
			);
			defaultConfigurationIsVisible = 0;
			defaultConfigurationName = Release;
		};
/* End XCConfigurationList section */
	};
	rootObject = 65F8CBA51D07E60E008C7763 /* Project object */;
}
