// !$*UTF8*$!
{
	archiveVersion = 1;
	classes = {
	};
	objectVersion = 46;
	objects = {

/* Begin PBXBuildFile section */
		65042F7F1D2A3A11003B08F9 /* MeItemView.m in Sources */ = {isa = PBXBuildFile; fileRef = 65042F7E1D2A3A11003B08F9 /* MeItemView.m */; };
		65042F821D2A3F0B003B08F9 /* ReportRecordListVC.m in Sources */ = {isa = PBXBuildFile; fileRef = 65042F811D2A3F0B003B08F9 /* ReportRecordListVC.m */; };
		65042FE21D2B6335003B08F9 /* app_logo@3x.png in Resources */ = {isa = PBXBuildFile; fileRef = 65042FC51D2B6334003B08F9 /* app_logo@3x.png */; };
		65042FE31D2B6335003B08F9 /* login_phone@3x.png in Resources */ = {isa = PBXBuildFile; fileRef = 65042FC61D2B6334003B08F9 /* login_phone@3x.png */; };
		65042FE41D2B6335003B08F9 /* me_report_record@3x.png in Resources */ = {isa = PBXBuildFile; fileRef = 65042FC71D2B6334003B08F9 /* me_report_record@3x.png */; };
		65042FE51D2B6335003B08F9 /* nav_back@3x.png in Resources */ = {isa = PBXBuildFile; fileRef = 65042FC81D2B6334003B08F9 /* nav_back@3x.png */; };
		65042FE61D2B6335003B08F9 /* next_icon@3x.png in Resources */ = {isa = PBXBuildFile; fileRef = 65042FC91D2B6334003B08F9 /* next_icon@3x.png */; };
		65042FE71D2B6335003B08F9 /* official_phone@3x.png in Resources */ = {isa = PBXBuildFile; fileRef = 65042FCA1D2B6334003B08F9 /* official_phone@3x.png */; };
		65042FE81D2B6335003B08F9 /* official_website@3x.png in Resources */ = {isa = PBXBuildFile; fileRef = 65042FCB1D2B6334003B08F9 /* official_website@3x.png */; };
		65042FE91D2B6335003B08F9 /* official_wechat@3x.png in Resources */ = {isa = PBXBuildFile; fileRef = 65042FCC1D2B6334003B08F9 /* official_wechat@3x.png */; };
		65042FEA1D2B6335003B08F9 /* report_app@3x.png in Resources */ = {isa = PBXBuildFile; fileRef = 65042FCD1D2B6334003B08F9 /* report_app@3x.png */; };
		65042FEB1D2B6335003B08F9 /* report_badnews@3x.png in Resources */ = {isa = PBXBuildFile; fileRef = 65042FCE1D2B6334003B08F9 /* report_badnews@3x.png */; };
		65042FEC1D2B6335003B08F9 /* report_crankcall@3x.png in Resources */ = {isa = PBXBuildFile; fileRef = 65042FCF1D2B6334003B08F9 /* report_crankcall@3x.png */; };
		65042FED1D2B6335003B08F9 /* report_email_big@3x.png in Resources */ = {isa = PBXBuildFile; fileRef = 65042FD01D2B6334003B08F9 /* report_email_big@3x.png */; };
		65042FEE1D2B6335003B08F9 /* report_email@3x.png in Resources */ = {isa = PBXBuildFile; fileRef = 65042FD11D2B6334003B08F9 /* report_email@3x.png */; };
		65042FEF1D2B6335003B08F9 /* report_fake_station@3x.png in Resources */ = {isa = PBXBuildFile; fileRef = 65042FD21D2B6334003B08F9 /* report_fake_station@3x.png */; };
		65042FF01D2B6335003B08F9 /* report_infringement@3x.png in Resources */ = {isa = PBXBuildFile; fileRef = 65042FD31D2B6334003B08F9 /* report_infringement@3x.png */; };
		65042FF11D2B6335003B08F9 /* report_message@3x.png in Resources */ = {isa = PBXBuildFile; fileRef = 65042FD41D2B6334003B08F9 /* report_message@3x.png */; };
		65042FF21D2B6335003B08F9 /* report_others@3x.png in Resources */ = {isa = PBXBuildFile; fileRef = 65042FD51D2B6334003B08F9 /* report_others@3x.png */; };
		65042FF31D2B6335003B08F9 /* report_scamcall@3x.png in Resources */ = {isa = PBXBuildFile; fileRef = 65042FD61D2B6335003B08F9 /* report_scamcall@3x.png */; };
		65042FF41D2B6335003B08F9 /* report_sim@3x.png in Resources */ = {isa = PBXBuildFile; fileRef = 65042FD71D2B6335003B08F9 /* report_sim@3x.png */; };
		65042FF51D2B6335003B08F9 /* report_website@3x.png in Resources */ = {isa = PBXBuildFile; fileRef = 65042FD81D2B6335003B08F9 /* report_website@3x.png */; };
		65042FF61D2B6335003B08F9 /* report_wifi@3x.png in Resources */ = {isa = PBXBuildFile; fileRef = 65042FD91D2B6335003B08F9 /* report_wifi@3x.png */; };
		65042FF71D2B6335003B08F9 /* tabbar_me_normal@3x.png in Resources */ = {isa = PBXBuildFile; fileRef = 65042FDA1D2B6335003B08F9 /* tabbar_me_normal@3x.png */; };
		65042FF81D2B6335003B08F9 /* tabbar_me_selected@3x.png in Resources */ = {isa = PBXBuildFile; fileRef = 65042FDB1D2B6335003B08F9 /* tabbar_me_selected@3x.png */; };
		65042FF91D2B6335003B08F9 /* tabbar_news_normal@3x.png in Resources */ = {isa = PBXBuildFile; fileRef = 65042FDC1D2B6335003B08F9 /* tabbar_news_normal@3x.png */; };
		65042FFA1D2B6335003B08F9 /* tabbar_news_selected@3x.png in Resources */ = {isa = PBXBuildFile; fileRef = 65042FDD1D2B6335003B08F9 /* tabbar_news_selected@3x.png */; };
		65042FFB1D2B6335003B08F9 /* tabbar_report_normal@3x.png in Resources */ = {isa = PBXBuildFile; fileRef = 65042FDE1D2B6335003B08F9 /* tabbar_report_normal@3x.png */; };
		65042FFC1D2B6335003B08F9 /* tabbar_report_selected@3x.png in Resources */ = {isa = PBXBuildFile; fileRef = 65042FDF1D2B6335003B08F9 /* tabbar_report_selected@3x.png */; };
		65042FFD1D2B6335003B08F9 /* type_normal@3x.png in Resources */ = {isa = PBXBuildFile; fileRef = 65042FE01D2B6335003B08F9 /* type_normal@3x.png */; };
		65042FFE1D2B6335003B08F9 /* type_selected@3x.png in Resources */ = {isa = PBXBuildFile; fileRef = 65042FE11D2B6335003B08F9 /* type_selected@3x.png */; };
		650430001D2B65E9003B08F9 /* report_userInfo@3x.png in Resources */ = {isa = PBXBuildFile; fileRef = 65042FFF1D2B65E9003B08F9 /* report_userInfo@3x.png */; };
		65199FF71D2250F200C47DD4 /* SHOperatorsListVC.m in Sources */ = {isa = PBXBuildFile; fileRef = 65199FF61D2250F200C47DD4 /* SHOperatorsListVC.m */; };
		65199FFA1D2257C700C47DD4 /* SHIllegalReasonListVC.m in Sources */ = {isa = PBXBuildFile; fileRef = 65199FF91D2257C700C47DD4 /* SHIllegalReasonListVC.m */; };
		65199FFD1D225A1800C47DD4 /* UploadImageItemView.m in Sources */ = {isa = PBXBuildFile; fileRef = 65199FFC1D225A1800C47DD4 /* UploadImageItemView.m */; };
		652190591D1A6C500038EEA1 /* SelectTimeView.m in Sources */ = {isa = PBXBuildFile; fileRef = 652190581D1A6C500038EEA1 /* SelectTimeView.m */; };
		652190621D1B7DA50038EEA1 /* ReportBadNewsVC.m in Sources */ = {isa = PBXBuildFile; fileRef = 652190611D1B7DA50038EEA1 /* ReportBadNewsVC.m */; };
		652190651D1B7E080038EEA1 /* ReportInfringmentVC.m in Sources */ = {isa = PBXBuildFile; fileRef = 652190641D1B7E080038EEA1 /* ReportInfringmentVC.m */; };
		652190681D1B7E5E0038EEA1 /* ReportPhoneNumberIndentificationVC.m in Sources */ = {isa = PBXBuildFile; fileRef = 652190671D1B7E5E0038EEA1 /* ReportPhoneNumberIndentificationVC.m */; };
		6521906B1D1B80740038EEA1 /* SelectItemView.m in Sources */ = {isa = PBXBuildFile; fileRef = 6521906A1D1B80740038EEA1 /* SelectItemView.m */; };
		652190711D1B88FD0038EEA1 /* ReportOthersInfoVC.m in Sources */ = {isa = PBXBuildFile; fileRef = 652190701D1B88FD0038EEA1 /* ReportOthersInfoVC.m */; };
		657048111D17C8D300D98E92 /* MKAnnotationView+WebCache.m in Sources */ = {isa = PBXBuildFile; fileRef = 657047F11D17C8D300D98E92 /* MKAnnotationView+WebCache.m */; };
		657048121D17C8D300D98E92 /* NSData+ImageContentType.m in Sources */ = {isa = PBXBuildFile; fileRef = 657047F31D17C8D300D98E92 /* NSData+ImageContentType.m */; };
		657048131D17C8D300D98E92 /* SDImageCache.m in Sources */ = {isa = PBXBuildFile; fileRef = 657047F51D17C8D300D98E92 /* SDImageCache.m */; };
		657048141D17C8D300D98E92 /* SDWebImageCompat.m in Sources */ = {isa = PBXBuildFile; fileRef = 657047F71D17C8D300D98E92 /* SDWebImageCompat.m */; };
		657048151D17C8D300D98E92 /* SDWebImageDecoder.m in Sources */ = {isa = PBXBuildFile; fileRef = 657047F91D17C8D300D98E92 /* SDWebImageDecoder.m */; };
		657048161D17C8D300D98E92 /* SDWebImageDownloader.m in Sources */ = {isa = PBXBuildFile; fileRef = 657047FB1D17C8D300D98E92 /* SDWebImageDownloader.m */; };
		657048171D17C8D300D98E92 /* SDWebImageDownloaderOperation.m in Sources */ = {isa = PBXBuildFile; fileRef = 657047FD1D17C8D300D98E92 /* SDWebImageDownloaderOperation.m */; };
		657048181D17C8D300D98E92 /* SDWebImageManager.m in Sources */ = {isa = PBXBuildFile; fileRef = 657047FF1D17C8D300D98E92 /* SDWebImageManager.m */; };
		657048191D17C8D300D98E92 /* SDWebImagePrefetcher.m in Sources */ = {isa = PBXBuildFile; fileRef = 657048021D17C8D300D98E92 /* SDWebImagePrefetcher.m */; };
		6570481A1D17C8D300D98E92 /* UIButton+WebCache.m in Sources */ = {isa = PBXBuildFile; fileRef = 657048041D17C8D300D98E92 /* UIButton+WebCache.m */; };
		6570481B1D17C8D300D98E92 /* UIImage+GIF.m in Sources */ = {isa = PBXBuildFile; fileRef = 657048061D17C8D300D98E92 /* UIImage+GIF.m */; };
		6570481C1D17C8D300D98E92 /* UIImage+MultiFormat.m in Sources */ = {isa = PBXBuildFile; fileRef = 657048081D17C8D300D98E92 /* UIImage+MultiFormat.m */; };
		6570481D1D17C8D300D98E92 /* UIImage+WebP.m in Sources */ = {isa = PBXBuildFile; fileRef = 6570480A1D17C8D300D98E92 /* UIImage+WebP.m */; };
		6570481E1D17C8D300D98E92 /* UIImageView+HighlightedWebCache.m in Sources */ = {isa = PBXBuildFile; fileRef = 6570480C1D17C8D300D98E92 /* UIImageView+HighlightedWebCache.m */; };
		6570481F1D17C8D300D98E92 /* UIImageView+WebCache.m in Sources */ = {isa = PBXBuildFile; fileRef = 6570480E1D17C8D300D98E92 /* UIImageView+WebCache.m */; };
		657048201D17C8D300D98E92 /* UIView+WebCacheOperation.m in Sources */ = {isa = PBXBuildFile; fileRef = 657048101D17C8D300D98E92 /* UIView+WebCacheOperation.m */; };
		657048231D17D1D200D98E92 /* TGToast.m in Sources */ = {isa = PBXBuildFile; fileRef = 657048221D17D1D200D98E92 /* TGToast.m */; };
		65DDC07A1D19162400F02FA3 /* ReportInfoRevealVC.m in Sources */ = {isa = PBXBuildFile; fileRef = 65DDC0791D19162400F02FA3 /* ReportInfoRevealVC.m */; };
		65DDC0801D19206900F02FA3 /* CommitButton.m in Sources */ = {isa = PBXBuildFile; fileRef = 65DDC07F1D19206900F02FA3 /* CommitButton.m */; };
		65DDC0831D19244600F02FA3 /* ReportItemLabel.m in Sources */ = {isa = PBXBuildFile; fileRef = 65DDC0821D19244600F02FA3 /* ReportItemLabel.m */; };
		65DDC0861D19278400F02FA3 /* ReportItemTextField.m in Sources */ = {isa = PBXBuildFile; fileRef = 65DDC0851D19278400F02FA3 /* ReportItemTextField.m */; };
		65DDC0891D19279C00F02FA3 /* ReportItemTextView.m in Sources */ = {isa = PBXBuildFile; fileRef = 65DDC0881D19279C00F02FA3 /* ReportItemTextView.m */; };
		65DDC08F1D19335800F02FA3 /* SHStreetsListVC.m in Sources */ = {isa = PBXBuildFile; fileRef = 65DDC08E1D19335800F02FA3 /* SHStreetsListVC.m */; };
		65DDC0921D19337700F02FA3 /* SHAreasListVC.m in Sources */ = {isa = PBXBuildFile; fileRef = 65DDC0911D19337700F02FA3 /* SHAreasListVC.m */; };
		65DDC0951D19392C00F02FA3 /* SelectTypeView.m in Sources */ = {isa = PBXBuildFile; fileRef = 65DDC0941D19392C00F02FA3 /* SelectTypeView.m */; };
		65EC908A1D29FC09004D12B9 /* DetailTypeView.m in Sources */ = {isa = PBXBuildFile; fileRef = 65EC90891D29FC09004D12B9 /* DetailTypeView.m */; };
		65EC908D1D2A0127004D12B9 /* DetailItemView.m in Sources */ = {isa = PBXBuildFile; fileRef = 65EC908C1D2A0127004D12B9 /* DetailItemView.m */; };
		65EC90901D2A29F5004D12B9 /* ReportRecordDetailVC.m in Sources */ = {isa = PBXBuildFile; fileRef = 65EC908F1D2A29F5004D12B9 /* ReportRecordDetailVC.m */; };
		65F8CBB21D07E60E008C7763 /* main.m in Sources */ = {isa = PBXBuildFile; fileRef = 65F8CBB11D07E60E008C7763 /* main.m */; };
		65F8CBB51D07E60E008C7763 /* AppDelegate.m in Sources */ = {isa = PBXBuildFile; fileRef = 65F8CBB41D07E60E008C7763 /* AppDelegate.m */; };
		65F8CBB81D07E60E008C7763 /* ViewController.m in Sources */ = {isa = PBXBuildFile; fileRef = 65F8CBB71D07E60E008C7763 /* ViewController.m */; };
		65F8CBBB1D07E60E008C7763 /* Main.storyboard in Resources */ = {isa = PBXBuildFile; fileRef = 65F8CBB91D07E60E008C7763 /* Main.storyboard */; };
		65F8CBBD1D07E60E008C7763 /* Assets.xcassets in Resources */ = {isa = PBXBuildFile; fileRef = 65F8CBBC1D07E60E008C7763 /* Assets.xcassets */; };
		65F8CBC01D07E60E008C7763 /* LaunchScreen.storyboard in Resources */ = {isa = PBXBuildFile; fileRef = 65F8CBBE1D07E60E008C7763 /* LaunchScreen.storyboard */; };
		65F8CC841D0CFE7F008C7763 /* MyMD5.m in Sources */ = {isa = PBXBuildFile; fileRef = 65F8CC831D0CFE7F008C7763 /* MyMD5.m */; };
		65F8CC8F1D0CFEE7008C7763 /* RequsetData.m in Sources */ = {isa = PBXBuildFile; fileRef = 65F8CC8B1D0CFEE7008C7763 /* RequsetData.m */; };
		65F8CC901D0CFEE7008C7763 /* ServerRequest.m in Sources */ = {isa = PBXBuildFile; fileRef = 65F8CC8D1D0CFEE7008C7763 /* ServerRequest.m */; };
		65F8CD011D0D00FB008C7763 /* NSObject+SBJson.m in Sources */ = {isa = PBXBuildFile; fileRef = 65F8CCE91D0D00FB008C7763 /* NSObject+SBJson.m */; };
		65F8CD021D0D00FB008C7763 /* SBJsonParser.m in Sources */ = {isa = PBXBuildFile; fileRef = 65F8CCEC1D0D00FB008C7763 /* SBJsonParser.m */; };
		65F8CD031D0D00FB008C7763 /* SBJsonStreamParser.m in Sources */ = {isa = PBXBuildFile; fileRef = 65F8CCEE1D0D00FB008C7763 /* SBJsonStreamParser.m */; };
		65F8CD041D0D00FB008C7763 /* SBJsonStreamParserAccumulator.m in Sources */ = {isa = PBXBuildFile; fileRef = 65F8CCF01D0D00FB008C7763 /* SBJsonStreamParserAccumulator.m */; };
		65F8CD051D0D00FB008C7763 /* SBJsonStreamParserAdapter.m in Sources */ = {isa = PBXBuildFile; fileRef = 65F8CCF21D0D00FB008C7763 /* SBJsonStreamParserAdapter.m */; };
		65F8CD061D0D00FB008C7763 /* SBJsonStreamParserState.m in Sources */ = {isa = PBXBuildFile; fileRef = 65F8CCF41D0D00FB008C7763 /* SBJsonStreamParserState.m */; };
		65F8CD071D0D00FB008C7763 /* SBJsonStreamWriter.m in Sources */ = {isa = PBXBuildFile; fileRef = 65F8CCF61D0D00FB008C7763 /* SBJsonStreamWriter.m */; };
		65F8CD081D0D00FB008C7763 /* SBJsonStreamWriterAccumulator.m in Sources */ = {isa = PBXBuildFile; fileRef = 65F8CCF81D0D00FB008C7763 /* SBJsonStreamWriterAccumulator.m */; };
		65F8CD091D0D00FB008C7763 /* SBJsonStreamWriterState.m in Sources */ = {isa = PBXBuildFile; fileRef = 65F8CCFA1D0D00FB008C7763 /* SBJsonStreamWriterState.m */; };
		65F8CD0A1D0D00FB008C7763 /* SBJsonTokeniser.m in Sources */ = {isa = PBXBuildFile; fileRef = 65F8CCFC1D0D00FB008C7763 /* SBJsonTokeniser.m */; };
		65F8CD0B1D0D00FB008C7763 /* SBJsonUTF8Stream.m in Sources */ = {isa = PBXBuildFile; fileRef = 65F8CCFE1D0D00FB008C7763 /* SBJsonUTF8Stream.m */; };
		65F8CD0C1D0D00FB008C7763 /* SBJsonWriter.m in Sources */ = {isa = PBXBuildFile; fileRef = 65F8CD001D0D00FB008C7763 /* SBJsonWriter.m */; };
		65F8CD221D0D0DCE008C7763 /* AFHTTPRequestOperation.m in Sources */ = {isa = PBXBuildFile; fileRef = 65F8CD101D0D0DCE008C7763 /* AFHTTPRequestOperation.m */; };
		65F8CD231D0D0DCE008C7763 /* AFHTTPRequestOperationManager.m in Sources */ = {isa = PBXBuildFile; fileRef = 65F8CD121D0D0DCE008C7763 /* AFHTTPRequestOperationManager.m */; };
		65F8CD241D0D0DCE008C7763 /* AFHTTPSessionManager.m in Sources */ = {isa = PBXBuildFile; fileRef = 65F8CD141D0D0DCE008C7763 /* AFHTTPSessionManager.m */; };
		65F8CD251D0D0DCE008C7763 /* AFNetworkReachabilityManager.m in Sources */ = {isa = PBXBuildFile; fileRef = 65F8CD171D0D0DCE008C7763 /* AFNetworkReachabilityManager.m */; };
		65F8CD261D0D0DCE008C7763 /* AFSecurityPolicy.m in Sources */ = {isa = PBXBuildFile; fileRef = 65F8CD191D0D0DCE008C7763 /* AFSecurityPolicy.m */; };
		65F8CD271D0D0DCE008C7763 /* AFURLConnectionOperation.m in Sources */ = {isa = PBXBuildFile; fileRef = 65F8CD1B1D0D0DCE008C7763 /* AFURLConnectionOperation.m */; };
		65F8CD281D0D0DCE008C7763 /* AFURLRequestSerialization.m in Sources */ = {isa = PBXBuildFile; fileRef = 65F8CD1D1D0D0DCE008C7763 /* AFURLRequestSerialization.m */; };
		65F8CD291D0D0DCE008C7763 /* AFURLResponseSerialization.m in Sources */ = {isa = PBXBuildFile; fileRef = 65F8CD1F1D0D0DCE008C7763 /* AFURLResponseSerialization.m */; };
		65F8CD2A1D0D0DCE008C7763 /* AFURLSessionManager.m in Sources */ = {isa = PBXBuildFile; fileRef = 65F8CD211D0D0DCE008C7763 /* AFURLSessionManager.m */; };
		65F8CD431D0D2FF7008C7763 /* TGService.m in Sources */ = {isa = PBXBuildFile; fileRef = 65F8CD421D0D2FF7008C7763 /* TGService.m */; };
		65F8CD511D0D33C8008C7763 /* TGButton.m in Sources */ = {isa = PBXBuildFile; fileRef = 65F8CD461D0D33C8008C7763 /* TGButton.m */; };
		65F8CD521D0D33C8008C7763 /* TGLabel.m in Sources */ = {isa = PBXBuildFile; fileRef = 65F8CD481D0D33C8008C7763 /* TGLabel.m */; };
		65F8CD531D0D33C8008C7763 /* TGTableViewCell.m in Sources */ = {isa = PBXBuildFile; fileRef = 65F8CD4A1D0D33C8008C7763 /* TGTableViewCell.m */; };
		65F8CD541D0D33C8008C7763 /* TGView.m in Sources */ = {isa = PBXBuildFile; fileRef = 65F8CD4C1D0D33C8008C7763 /* TGView.m */; };
		65F8CD551D0D33C8008C7763 /* TGViewController.m in Sources */ = {isa = PBXBuildFile; fileRef = 65F8CD4E1D0D33C8008C7763 /* TGViewController.m */; };
		65F8CD561D0D33C8008C7763 /* UIView+Extension.m in Sources */ = {isa = PBXBuildFile; fileRef = 65F8CD501D0D33C8008C7763 /* UIView+Extension.m */; };
		65F8CD631D0D3442008C7763 /* MMLink.m in Sources */ = {isa = PBXBuildFile; fileRef = 65F8CD591D0D3442008C7763 /* MMLink.m */; };
		65F8CD641D0D3442008C7763 /* TGJson.m in Sources */ = {isa = PBXBuildFile; fileRef = 65F8CD5C1D0D3442008C7763 /* TGJson.m */; };
		65F8CD651D0D3442008C7763 /* TGManager.m in Sources */ = {isa = PBXBuildFile; fileRef = 65F8CD5E1D0D3442008C7763 /* TGManager.m */; };
		65F8CD661D0D3442008C7763 /* TGModel.m in Sources */ = {isa = PBXBuildFile; fileRef = 65F8CD601D0D3442008C7763 /* TGModel.m */; };
		65F8CD671D0D3442008C7763 /* TGUtils.m in Sources */ = {isa = PBXBuildFile; fileRef = 65F8CD621D0D3442008C7763 /* TGUtils.m */; };
		65F8CD6F1D0D346C008C7763 /* ReportCrankCallVC.m in Sources */ = {isa = PBXBuildFile; fileRef = 65F8CD6A1D0D346C008C7763 /* ReportCrankCallVC.m */; };
		65F8CD701D0D346C008C7763 /* ReportListViewController.m in Sources */ = {isa = PBXBuildFile; fileRef = 65F8CD6C1D0D346C008C7763 /* ReportListViewController.m */; };
		65F8CD711D0D346C008C7763 /* ReportScamsCallVC.m in Sources */ = {isa = PBXBuildFile; fileRef = 65F8CD6E1D0D346C008C7763 /* ReportScamsCallVC.m */; };
		65F8CD7B1D0D34A4008C7763 /* NewsDetailModel.m in Sources */ = {isa = PBXBuildFile; fileRef = 65F8CD741D0D34A4008C7763 /* NewsDetailModel.m */; };
		65F8CD7C1D0D34A4008C7763 /* NewsDetailsVC.m in Sources */ = {isa = PBXBuildFile; fileRef = 65F8CD761D0D34A4008C7763 /* NewsDetailsVC.m */; };
		65F8CD7D1D0D34A4008C7763 /* NewsHomeCell.m in Sources */ = {isa = PBXBuildFile; fileRef = 65F8CD781D0D34A4008C7763 /* NewsHomeCell.m */; };
		65F8CD7E1D0D34A4008C7763 /* NewsHomeVC.m in Sources */ = {isa = PBXBuildFile; fileRef = 65F8CD7A1D0D34A4008C7763 /* NewsHomeVC.m */; };
		65F8CD861D0D34D8008C7763 /* LoginVC.m in Sources */ = {isa = PBXBuildFile; fileRef = 65F8CD811D0D34D8008C7763 /* LoginVC.m */; };
		65F8CD871D0D34D8008C7763 /* MeHomeVC.m in Sources */ = {isa = PBXBuildFile; fileRef = 65F8CD831D0D34D8008C7763 /* MeHomeVC.m */; };
		65F8CD8B1D0D4007008C7763 /* ReportRecordCell.m in Sources */ = {isa = PBXBuildFile; fileRef = 65F8CD8A1D0D4007008C7763 /* ReportRecordCell.m */; };
		65F8CD8E1D0E5257008C7763 /* TGRequest.m in Sources */ = {isa = PBXBuildFile; fileRef = 65F8CD8D1D0E5257008C7763 /* TGRequest.m */; };
		65F8CD921D0EA106008C7763 /* ReportDataModel.m in Sources */ = {isa = PBXBuildFile; fileRef = 65F8CD911D0EA106008C7763 /* ReportDataModel.m */; };
		65F8CDA81D0FA75D008C7763 /* ReportShortMessageVC.m in Sources */ = {isa = PBXBuildFile; fileRef = 65F8CDA71D0FA75D008C7763 /* ReportShortMessageVC.m */; };
		65F8CDAB1D0FA778008C7763 /* ReportWebsiteVC.m in Sources */ = {isa = PBXBuildFile; fileRef = 65F8CDAA1D0FA778008C7763 /* ReportWebsiteVC.m */; };
		65F8CDAE1D0FA78B008C7763 /* ReportAppVC.m in Sources */ = {isa = PBXBuildFile; fileRef = 65F8CDAD1D0FA78B008C7763 /* ReportAppVC.m */; };
		65F8CDB11D0FA79C008C7763 /* ReportWIFIVC.m in Sources */ = {isa = PBXBuildFile; fileRef = 65F8CDB01D0FA79C008C7763 /* ReportWIFIVC.m */; };
		65F8CDB41D0FA7C2008C7763 /* ReportFakeBasicStationVC.m in Sources */ = {isa = PBXBuildFile; fileRef = 65F8CDB31D0FA7C2008C7763 /* ReportFakeBasicStationVC.m */; };
		65F8CDB71D0FA7E1008C7763 /* ReportEmailVC.m in Sources */ = {isa = PBXBuildFile; fileRef = 65F8CDB61D0FA7E1008C7763 /* ReportEmailVC.m */; };
/* End PBXBuildFile section */

/* Begin PBXFileReference section */
		65042F7D1D2A3A11003B08F9 /* MeItemView.h */ = {isa = PBXFileReference; fileEncoding = 4; lastKnownFileType = sourcecode.c.h; path = MeItemView.h; sourceTree = "<group>"; };
		65042F7E1D2A3A11003B08F9 /* MeItemView.m */ = {isa = PBXFileReference; fileEncoding = 4; lastKnownFileType = sourcecode.c.objc; path = MeItemView.m; sourceTree = "<group>"; };
		65042F801D2A3F0B003B08F9 /* ReportRecordListVC.h */ = {isa = PBXFileReference; fileEncoding = 4; lastKnownFileType = sourcecode.c.h; path = ReportRecordListVC.h; sourceTree = "<group>"; };
		65042F811D2A3F0B003B08F9 /* ReportRecordListVC.m */ = {isa = PBXFileReference; fileEncoding = 4; lastKnownFileType = sourcecode.c.objc; path = ReportRecordListVC.m; sourceTree = "<group>"; };
		65042FC51D2B6334003B08F9 /* app_logo@3x.png */ = {isa = PBXFileReference; lastKnownFileType = image.png; path = "app_logo@3x.png"; sourceTree = "<group>"; };
		65042FC61D2B6334003B08F9 /* login_phone@3x.png */ = {isa = PBXFileReference; lastKnownFileType = image.png; path = "login_phone@3x.png"; sourceTree = "<group>"; };
		65042FC71D2B6334003B08F9 /* me_report_record@3x.png */ = {isa = PBXFileReference; lastKnownFileType = image.png; path = "me_report_record@3x.png"; sourceTree = "<group>"; };
		65042FC81D2B6334003B08F9 /* nav_back@3x.png */ = {isa = PBXFileReference; lastKnownFileType = image.png; path = "nav_back@3x.png"; sourceTree = "<group>"; };
		65042FC91D2B6334003B08F9 /* next_icon@3x.png */ = {isa = PBXFileReference; lastKnownFileType = image.png; path = "next_icon@3x.png"; sourceTree = "<group>"; };
		65042FCA1D2B6334003B08F9 /* official_phone@3x.png */ = {isa = PBXFileReference; lastKnownFileType = image.png; path = "official_phone@3x.png"; sourceTree = "<group>"; };
		65042FCB1D2B6334003B08F9 /* official_website@3x.png */ = {isa = PBXFileReference; lastKnownFileType = image.png; path = "official_website@3x.png"; sourceTree = "<group>"; };
		65042FCC1D2B6334003B08F9 /* official_wechat@3x.png */ = {isa = PBXFileReference; lastKnownFileType = image.png; path = "official_wechat@3x.png"; sourceTree = "<group>"; };
		65042FCD1D2B6334003B08F9 /* report_app@3x.png */ = {isa = PBXFileReference; lastKnownFileType = image.png; path = "report_app@3x.png"; sourceTree = "<group>"; };
		65042FCE1D2B6334003B08F9 /* report_badnews@3x.png */ = {isa = PBXFileReference; lastKnownFileType = image.png; path = "report_badnews@3x.png"; sourceTree = "<group>"; };
		65042FCF1D2B6334003B08F9 /* report_crankcall@3x.png */ = {isa = PBXFileReference; lastKnownFileType = image.png; path = "report_crankcall@3x.png"; sourceTree = "<group>"; };
		65042FD01D2B6334003B08F9 /* report_email_big@3x.png */ = {isa = PBXFileReference; lastKnownFileType = image.png; path = "report_email_big@3x.png"; sourceTree = "<group>"; };
		65042FD11D2B6334003B08F9 /* report_email@3x.png */ = {isa = PBXFileReference; lastKnownFileType = image.png; path = "report_email@3x.png"; sourceTree = "<group>"; };
		65042FD21D2B6334003B08F9 /* report_fake_station@3x.png */ = {isa = PBXFileReference; lastKnownFileType = image.png; path = "report_fake_station@3x.png"; sourceTree = "<group>"; };
		65042FD31D2B6334003B08F9 /* report_infringement@3x.png */ = {isa = PBXFileReference; lastKnownFileType = image.png; path = "report_infringement@3x.png"; sourceTree = "<group>"; };
		65042FD41D2B6334003B08F9 /* report_message@3x.png */ = {isa = PBXFileReference; lastKnownFileType = image.png; path = "report_message@3x.png"; sourceTree = "<group>"; };
		65042FD51D2B6334003B08F9 /* report_others@3x.png */ = {isa = PBXFileReference; lastKnownFileType = image.png; path = "report_others@3x.png"; sourceTree = "<group>"; };
		65042FD61D2B6335003B08F9 /* report_scamcall@3x.png */ = {isa = PBXFileReference; lastKnownFileType = image.png; path = "report_scamcall@3x.png"; sourceTree = "<group>"; };
		65042FD71D2B6335003B08F9 /* report_sim@3x.png */ = {isa = PBXFileReference; lastKnownFileType = image.png; path = "report_sim@3x.png"; sourceTree = "<group>"; };
		65042FD81D2B6335003B08F9 /* report_website@3x.png */ = {isa = PBXFileReference; lastKnownFileType = image.png; path = "report_website@3x.png"; sourceTree = "<group>"; };
		65042FD91D2B6335003B08F9 /* report_wifi@3x.png */ = {isa = PBXFileReference; lastKnownFileType = image.png; path = "report_wifi@3x.png"; sourceTree = "<group>"; };
		65042FDA1D2B6335003B08F9 /* tabbar_me_normal@3x.png */ = {isa = PBXFileReference; lastKnownFileType = image.png; path = "tabbar_me_normal@3x.png"; sourceTree = "<group>"; };
		65042FDB1D2B6335003B08F9 /* tabbar_me_selected@3x.png */ = {isa = PBXFileReference; lastKnownFileType = image.png; path = "tabbar_me_selected@3x.png"; sourceTree = "<group>"; };
		65042FDC1D2B6335003B08F9 /* tabbar_news_normal@3x.png */ = {isa = PBXFileReference; lastKnownFileType = image.png; path = "tabbar_news_normal@3x.png"; sourceTree = "<group>"; };
		65042FDD1D2B6335003B08F9 /* tabbar_news_selected@3x.png */ = {isa = PBXFileReference; lastKnownFileType = image.png; path = "tabbar_news_selected@3x.png"; sourceTree = "<group>"; };
		65042FDE1D2B6335003B08F9 /* tabbar_report_normal@3x.png */ = {isa = PBXFileReference; lastKnownFileType = image.png; path = "tabbar_report_normal@3x.png"; sourceTree = "<group>"; };
		65042FDF1D2B6335003B08F9 /* tabbar_report_selected@3x.png */ = {isa = PBXFileReference; lastKnownFileType = image.png; path = "tabbar_report_selected@3x.png"; sourceTree = "<group>"; };
		65042FE01D2B6335003B08F9 /* type_normal@3x.png */ = {isa = PBXFileReference; lastKnownFileType = image.png; path = "type_normal@3x.png"; sourceTree = "<group>"; };
		65042FE11D2B6335003B08F9 /* type_selected@3x.png */ = {isa = PBXFileReference; lastKnownFileType = image.png; path = "type_selected@3x.png"; sourceTree = "<group>"; };
		65042FFF1D2B65E9003B08F9 /* report_userInfo@3x.png */ = {isa = PBXFileReference; lastKnownFileType = image.png; path = "report_userInfo@3x.png"; sourceTree = "<group>"; };
		65199FF51D2250F200C47DD4 /* SHOperatorsListVC.h */ = {isa = PBXFileReference; fileEncoding = 4; lastKnownFileType = sourcecode.c.h; path = SHOperatorsListVC.h; sourceTree = "<group>"; };
		65199FF61D2250F200C47DD4 /* SHOperatorsListVC.m */ = {isa = PBXFileReference; fileEncoding = 4; lastKnownFileType = sourcecode.c.objc; path = SHOperatorsListVC.m; sourceTree = "<group>"; };
		65199FF81D2257C700C47DD4 /* SHIllegalReasonListVC.h */ = {isa = PBXFileReference; fileEncoding = 4; lastKnownFileType = sourcecode.c.h; path = SHIllegalReasonListVC.h; sourceTree = "<group>"; };
		65199FF91D2257C700C47DD4 /* SHIllegalReasonListVC.m */ = {isa = PBXFileReference; fileEncoding = 4; lastKnownFileType = sourcecode.c.objc; path = SHIllegalReasonListVC.m; sourceTree = "<group>"; };
		65199FFB1D225A1800C47DD4 /* UploadImageItemView.h */ = {isa = PBXFileReference; fileEncoding = 4; lastKnownFileType = sourcecode.c.h; path = UploadImageItemView.h; sourceTree = "<group>"; };
		65199FFC1D225A1800C47DD4 /* UploadImageItemView.m */ = {isa = PBXFileReference; fileEncoding = 4; lastKnownFileType = sourcecode.c.objc; path = UploadImageItemView.m; sourceTree = "<group>"; };
		652190571D1A6C500038EEA1 /* SelectTimeView.h */ = {isa = PBXFileReference; fileEncoding = 4; lastKnownFileType = sourcecode.c.h; path = SelectTimeView.h; sourceTree = "<group>"; };
		652190581D1A6C500038EEA1 /* SelectTimeView.m */ = {isa = PBXFileReference; fileEncoding = 4; lastKnownFileType = sourcecode.c.objc; path = SelectTimeView.m; sourceTree = "<group>"; };
		652190601D1B7DA50038EEA1 /* ReportBadNewsVC.h */ = {isa = PBXFileReference; fileEncoding = 4; lastKnownFileType = sourcecode.c.h; path = ReportBadNewsVC.h; sourceTree = "<group>"; };
		652190611D1B7DA50038EEA1 /* ReportBadNewsVC.m */ = {isa = PBXFileReference; fileEncoding = 4; lastKnownFileType = sourcecode.c.objc; path = ReportBadNewsVC.m; sourceTree = "<group>"; };
		652190631D1B7E080038EEA1 /* ReportInfringmentVC.h */ = {isa = PBXFileReference; fileEncoding = 4; lastKnownFileType = sourcecode.c.h; path = ReportInfringmentVC.h; sourceTree = "<group>"; };
		652190641D1B7E080038EEA1 /* ReportInfringmentVC.m */ = {isa = PBXFileReference; fileEncoding = 4; lastKnownFileType = sourcecode.c.objc; path = ReportInfringmentVC.m; sourceTree = "<group>"; };
		652190661D1B7E5E0038EEA1 /* ReportPhoneNumberIndentificationVC.h */ = {isa = PBXFileReference; fileEncoding = 4; lastKnownFileType = sourcecode.c.h; path = ReportPhoneNumberIndentificationVC.h; sourceTree = "<group>"; };
		652190671D1B7E5E0038EEA1 /* ReportPhoneNumberIndentificationVC.m */ = {isa = PBXFileReference; fileEncoding = 4; lastKnownFileType = sourcecode.c.objc; path = ReportPhoneNumberIndentificationVC.m; sourceTree = "<group>"; };
		652190691D1B80740038EEA1 /* SelectItemView.h */ = {isa = PBXFileReference; fileEncoding = 4; lastKnownFileType = sourcecode.c.h; path = SelectItemView.h; sourceTree = "<group>"; };
		6521906A1D1B80740038EEA1 /* SelectItemView.m */ = {isa = PBXFileReference; fileEncoding = 4; lastKnownFileType = sourcecode.c.objc; path = SelectItemView.m; sourceTree = "<group>"; };
		6521906F1D1B88FD0038EEA1 /* ReportOthersInfoVC.h */ = {isa = PBXFileReference; fileEncoding = 4; lastKnownFileType = sourcecode.c.h; path = ReportOthersInfoVC.h; sourceTree = "<group>"; };
		652190701D1B88FD0038EEA1 /* ReportOthersInfoVC.m */ = {isa = PBXFileReference; fileEncoding = 4; lastKnownFileType = sourcecode.c.objc; path = ReportOthersInfoVC.m; sourceTree = "<group>"; };
		657047F01D17C8D300D98E92 /* MKAnnotationView+WebCache.h */ = {isa = PBXFileReference; fileEncoding = 4; lastKnownFileType = sourcecode.c.h; path = "MKAnnotationView+WebCache.h"; sourceTree = "<group>"; };
		657047F11D17C8D300D98E92 /* MKAnnotationView+WebCache.m */ = {isa = PBXFileReference; fileEncoding = 4; lastKnownFileType = sourcecode.c.objc; path = "MKAnnotationView+WebCache.m"; sourceTree = "<group>"; };
		657047F21D17C8D300D98E92 /* NSData+ImageContentType.h */ = {isa = PBXFileReference; fileEncoding = 4; lastKnownFileType = sourcecode.c.h; path = "NSData+ImageContentType.h"; sourceTree = "<group>"; };
		657047F31D17C8D300D98E92 /* NSData+ImageContentType.m */ = {isa = PBXFileReference; fileEncoding = 4; lastKnownFileType = sourcecode.c.objc; path = "NSData+ImageContentType.m"; sourceTree = "<group>"; };
		657047F41D17C8D300D98E92 /* SDImageCache.h */ = {isa = PBXFileReference; fileEncoding = 4; lastKnownFileType = sourcecode.c.h; path = SDImageCache.h; sourceTree = "<group>"; };
		657047F51D17C8D300D98E92 /* SDImageCache.m */ = {isa = PBXFileReference; fileEncoding = 4; lastKnownFileType = sourcecode.c.objc; path = SDImageCache.m; sourceTree = "<group>"; };
		657047F61D17C8D300D98E92 /* SDWebImageCompat.h */ = {isa = PBXFileReference; fileEncoding = 4; lastKnownFileType = sourcecode.c.h; path = SDWebImageCompat.h; sourceTree = "<group>"; };
		657047F71D17C8D300D98E92 /* SDWebImageCompat.m */ = {isa = PBXFileReference; fileEncoding = 4; lastKnownFileType = sourcecode.c.objc; path = SDWebImageCompat.m; sourceTree = "<group>"; };
		657047F81D17C8D300D98E92 /* SDWebImageDecoder.h */ = {isa = PBXFileReference; fileEncoding = 4; lastKnownFileType = sourcecode.c.h; path = SDWebImageDecoder.h; sourceTree = "<group>"; };
		657047F91D17C8D300D98E92 /* SDWebImageDecoder.m */ = {isa = PBXFileReference; fileEncoding = 4; lastKnownFileType = sourcecode.c.objc; path = SDWebImageDecoder.m; sourceTree = "<group>"; };
		657047FA1D17C8D300D98E92 /* SDWebImageDownloader.h */ = {isa = PBXFileReference; fileEncoding = 4; lastKnownFileType = sourcecode.c.h; path = SDWebImageDownloader.h; sourceTree = "<group>"; };
		657047FB1D17C8D300D98E92 /* SDWebImageDownloader.m */ = {isa = PBXFileReference; fileEncoding = 4; lastKnownFileType = sourcecode.c.objc; path = SDWebImageDownloader.m; sourceTree = "<group>"; };
		657047FC1D17C8D300D98E92 /* SDWebImageDownloaderOperation.h */ = {isa = PBXFileReference; fileEncoding = 4; lastKnownFileType = sourcecode.c.h; path = SDWebImageDownloaderOperation.h; sourceTree = "<group>"; };
		657047FD1D17C8D300D98E92 /* SDWebImageDownloaderOperation.m */ = {isa = PBXFileReference; fileEncoding = 4; lastKnownFileType = sourcecode.c.objc; path = SDWebImageDownloaderOperation.m; sourceTree = "<group>"; };
		657047FE1D17C8D300D98E92 /* SDWebImageManager.h */ = {isa = PBXFileReference; fileEncoding = 4; lastKnownFileType = sourcecode.c.h; path = SDWebImageManager.h; sourceTree = "<group>"; };
		657047FF1D17C8D300D98E92 /* SDWebImageManager.m */ = {isa = PBXFileReference; fileEncoding = 4; lastKnownFileType = sourcecode.c.objc; path = SDWebImageManager.m; sourceTree = "<group>"; };
		657048001D17C8D300D98E92 /* SDWebImageOperation.h */ = {isa = PBXFileReference; fileEncoding = 4; lastKnownFileType = sourcecode.c.h; path = SDWebImageOperation.h; sourceTree = "<group>"; };
		657048011D17C8D300D98E92 /* SDWebImagePrefetcher.h */ = {isa = PBXFileReference; fileEncoding = 4; lastKnownFileType = sourcecode.c.h; path = SDWebImagePrefetcher.h; sourceTree = "<group>"; };
		657048021D17C8D300D98E92 /* SDWebImagePrefetcher.m */ = {isa = PBXFileReference; fileEncoding = 4; lastKnownFileType = sourcecode.c.objc; path = SDWebImagePrefetcher.m; sourceTree = "<group>"; };
		657048031D17C8D300D98E92 /* UIButton+WebCache.h */ = {isa = PBXFileReference; fileEncoding = 4; lastKnownFileType = sourcecode.c.h; path = "UIButton+WebCache.h"; sourceTree = "<group>"; };
		657048041D17C8D300D98E92 /* UIButton+WebCache.m */ = {isa = PBXFileReference; fileEncoding = 4; lastKnownFileType = sourcecode.c.objc; path = "UIButton+WebCache.m"; sourceTree = "<group>"; };
		657048051D17C8D300D98E92 /* UIImage+GIF.h */ = {isa = PBXFileReference; fileEncoding = 4; lastKnownFileType = sourcecode.c.h; path = "UIImage+GIF.h"; sourceTree = "<group>"; };
		657048061D17C8D300D98E92 /* UIImage+GIF.m */ = {isa = PBXFileReference; fileEncoding = 4; lastKnownFileType = sourcecode.c.objc; path = "UIImage+GIF.m"; sourceTree = "<group>"; };
		657048071D17C8D300D98E92 /* UIImage+MultiFormat.h */ = {isa = PBXFileReference; fileEncoding = 4; lastKnownFileType = sourcecode.c.h; path = "UIImage+MultiFormat.h"; sourceTree = "<group>"; };
		657048081D17C8D300D98E92 /* UIImage+MultiFormat.m */ = {isa = PBXFileReference; fileEncoding = 4; lastKnownFileType = sourcecode.c.objc; path = "UIImage+MultiFormat.m"; sourceTree = "<group>"; };
		657048091D17C8D300D98E92 /* UIImage+WebP.h */ = {isa = PBXFileReference; fileEncoding = 4; lastKnownFileType = sourcecode.c.h; path = "UIImage+WebP.h"; sourceTree = "<group>"; };
		6570480A1D17C8D300D98E92 /* UIImage+WebP.m */ = {isa = PBXFileReference; fileEncoding = 4; lastKnownFileType = sourcecode.c.objc; path = "UIImage+WebP.m"; sourceTree = "<group>"; };
		6570480B1D17C8D300D98E92 /* UIImageView+HighlightedWebCache.h */ = {isa = PBXFileReference; fileEncoding = 4; lastKnownFileType = sourcecode.c.h; path = "UIImageView+HighlightedWebCache.h"; sourceTree = "<group>"; };
		6570480C1D17C8D300D98E92 /* UIImageView+HighlightedWebCache.m */ = {isa = PBXFileReference; fileEncoding = 4; lastKnownFileType = sourcecode.c.objc; path = "UIImageView+HighlightedWebCache.m"; sourceTree = "<group>"; };
		6570480D1D17C8D300D98E92 /* UIImageView+WebCache.h */ = {isa = PBXFileReference; fileEncoding = 4; lastKnownFileType = sourcecode.c.h; path = "UIImageView+WebCache.h"; sourceTree = "<group>"; };
		6570480E1D17C8D300D98E92 /* UIImageView+WebCache.m */ = {isa = PBXFileReference; fileEncoding = 4; lastKnownFileType = sourcecode.c.objc; path = "UIImageView+WebCache.m"; sourceTree = "<group>"; };
		6570480F1D17C8D300D98E92 /* UIView+WebCacheOperation.h */ = {isa = PBXFileReference; fileEncoding = 4; lastKnownFileType = sourcecode.c.h; path = "UIView+WebCacheOperation.h"; sourceTree = "<group>"; };
		657048101D17C8D300D98E92 /* UIView+WebCacheOperation.m */ = {isa = PBXFileReference; fileEncoding = 4; lastKnownFileType = sourcecode.c.objc; path = "UIView+WebCacheOperation.m"; sourceTree = "<group>"; };
		657048211D17D1D200D98E92 /* TGToast.h */ = {isa = PBXFileReference; fileEncoding = 4; lastKnownFileType = sourcecode.c.h; path = TGToast.h; sourceTree = "<group>"; };
		657048221D17D1D200D98E92 /* TGToast.m */ = {isa = PBXFileReference; fileEncoding = 4; lastKnownFileType = sourcecode.c.objc; path = TGToast.m; sourceTree = "<group>"; };
		65DDC0771D18DAA800F02FA3 /* ServiceDefine.h */ = {isa = PBXFileReference; lastKnownFileType = sourcecode.c.h; path = ServiceDefine.h; sourceTree = "<group>"; };
		65DDC0781D19162400F02FA3 /* ReportInfoRevealVC.h */ = {isa = PBXFileReference; fileEncoding = 4; lastKnownFileType = sourcecode.c.h; path = ReportInfoRevealVC.h; sourceTree = "<group>"; };
		65DDC0791D19162400F02FA3 /* ReportInfoRevealVC.m */ = {isa = PBXFileReference; fileEncoding = 4; lastKnownFileType = sourcecode.c.objc; path = ReportInfoRevealVC.m; sourceTree = "<group>"; };
		65DDC07D1D191FEA00F02FA3 /* CommonDefine.h */ = {isa = PBXFileReference; lastKnownFileType = sourcecode.c.h; path = CommonDefine.h; sourceTree = "<group>"; };
		65DDC07E1D19206900F02FA3 /* CommitButton.h */ = {isa = PBXFileReference; fileEncoding = 4; lastKnownFileType = sourcecode.c.h; path = CommitButton.h; sourceTree = "<group>"; };
		65DDC07F1D19206900F02FA3 /* CommitButton.m */ = {isa = PBXFileReference; fileEncoding = 4; lastKnownFileType = sourcecode.c.objc; path = CommitButton.m; sourceTree = "<group>"; };
		65DDC0811D19244600F02FA3 /* ReportItemLabel.h */ = {isa = PBXFileReference; fileEncoding = 4; lastKnownFileType = sourcecode.c.h; path = ReportItemLabel.h; sourceTree = "<group>"; };
		65DDC0821D19244600F02FA3 /* ReportItemLabel.m */ = {isa = PBXFileReference; fileEncoding = 4; lastKnownFileType = sourcecode.c.objc; path = ReportItemLabel.m; sourceTree = "<group>"; };
		65DDC0841D19278400F02FA3 /* ReportItemTextField.h */ = {isa = PBXFileReference; fileEncoding = 4; lastKnownFileType = sourcecode.c.h; path = ReportItemTextField.h; sourceTree = "<group>"; };
		65DDC0851D19278400F02FA3 /* ReportItemTextField.m */ = {isa = PBXFileReference; fileEncoding = 4; lastKnownFileType = sourcecode.c.objc; path = ReportItemTextField.m; sourceTree = "<group>"; };
		65DDC0871D19279C00F02FA3 /* ReportItemTextView.h */ = {isa = PBXFileReference; fileEncoding = 4; lastKnownFileType = sourcecode.c.h; path = ReportItemTextView.h; sourceTree = "<group>"; };
		65DDC0881D19279C00F02FA3 /* ReportItemTextView.m */ = {isa = PBXFileReference; fileEncoding = 4; lastKnownFileType = sourcecode.c.objc; path = ReportItemTextView.m; sourceTree = "<group>"; };
		65DDC08D1D19335800F02FA3 /* SHStreetsListVC.h */ = {isa = PBXFileReference; fileEncoding = 4; lastKnownFileType = sourcecode.c.h; path = SHStreetsListVC.h; sourceTree = "<group>"; };
		65DDC08E1D19335800F02FA3 /* SHStreetsListVC.m */ = {isa = PBXFileReference; fileEncoding = 4; lastKnownFileType = sourcecode.c.objc; path = SHStreetsListVC.m; sourceTree = "<group>"; };
		65DDC0901D19337700F02FA3 /* SHAreasListVC.h */ = {isa = PBXFileReference; fileEncoding = 4; lastKnownFileType = sourcecode.c.h; path = SHAreasListVC.h; sourceTree = "<group>"; };
		65DDC0911D19337700F02FA3 /* SHAreasListVC.m */ = {isa = PBXFileReference; fileEncoding = 4; lastKnownFileType = sourcecode.c.objc; path = SHAreasListVC.m; sourceTree = "<group>"; };
		65DDC0931D19392C00F02FA3 /* SelectTypeView.h */ = {isa = PBXFileReference; fileEncoding = 4; lastKnownFileType = sourcecode.c.h; path = SelectTypeView.h; sourceTree = "<group>"; };
		65DDC0941D19392C00F02FA3 /* SelectTypeView.m */ = {isa = PBXFileReference; fileEncoding = 4; lastKnownFileType = sourcecode.c.objc; path = SelectTypeView.m; sourceTree = "<group>"; };
		65EC90881D29FC09004D12B9 /* DetailTypeView.h */ = {isa = PBXFileReference; fileEncoding = 4; lastKnownFileType = sourcecode.c.h; path = DetailTypeView.h; sourceTree = "<group>"; };
		65EC90891D29FC09004D12B9 /* DetailTypeView.m */ = {isa = PBXFileReference; fileEncoding = 4; lastKnownFileType = sourcecode.c.objc; path = DetailTypeView.m; sourceTree = "<group>"; };
		65EC908B1D2A0127004D12B9 /* DetailItemView.h */ = {isa = PBXFileReference; fileEncoding = 4; lastKnownFileType = sourcecode.c.h; path = DetailItemView.h; sourceTree = "<group>"; };
		65EC908C1D2A0127004D12B9 /* DetailItemView.m */ = {isa = PBXFileReference; fileEncoding = 4; lastKnownFileType = sourcecode.c.objc; path = DetailItemView.m; sourceTree = "<group>"; };
		65EC908E1D2A29F5004D12B9 /* ReportRecordDetailVC.h */ = {isa = PBXFileReference; fileEncoding = 4; lastKnownFileType = sourcecode.c.h; path = ReportRecordDetailVC.h; sourceTree = "<group>"; };
		65EC908F1D2A29F5004D12B9 /* ReportRecordDetailVC.m */ = {isa = PBXFileReference; fileEncoding = 4; lastKnownFileType = sourcecode.c.objc; path = ReportRecordDetailVC.m; sourceTree = "<group>"; };
		65F8CBAD1D07E60E008C7763 /* SH12321.app */ = {isa = PBXFileReference; explicitFileType = wrapper.application; includeInIndex = 0; path = SH12321.app; sourceTree = BUILT_PRODUCTS_DIR; };
		65F8CBB11D07E60E008C7763 /* main.m */ = {isa = PBXFileReference; lastKnownFileType = sourcecode.c.objc; path = main.m; sourceTree = "<group>"; };
		65F8CBB31D07E60E008C7763 /* AppDelegate.h */ = {isa = PBXFileReference; lastKnownFileType = sourcecode.c.h; path = AppDelegate.h; sourceTree = "<group>"; };
		65F8CBB41D07E60E008C7763 /* AppDelegate.m */ = {isa = PBXFileReference; lastKnownFileType = sourcecode.c.objc; path = AppDelegate.m; sourceTree = "<group>"; };
		65F8CBB61D07E60E008C7763 /* ViewController.h */ = {isa = PBXFileReference; lastKnownFileType = sourcecode.c.h; path = ViewController.h; sourceTree = "<group>"; };
		65F8CBB71D07E60E008C7763 /* ViewController.m */ = {isa = PBXFileReference; lastKnownFileType = sourcecode.c.objc; path = ViewController.m; sourceTree = "<group>"; };
		65F8CBBA1D07E60E008C7763 /* Base */ = {isa = PBXFileReference; lastKnownFileType = file.storyboard; name = Base; path = Base.lproj/Main.storyboard; sourceTree = "<group>"; };
		65F8CBBC1D07E60E008C7763 /* Assets.xcassets */ = {isa = PBXFileReference; lastKnownFileType = folder.assetcatalog; path = Assets.xcassets; sourceTree = "<group>"; };
		65F8CBBF1D07E60E008C7763 /* Base */ = {isa = PBXFileReference; lastKnownFileType = file.storyboard; name = Base; path = Base.lproj/LaunchScreen.storyboard; sourceTree = "<group>"; };
		65F8CBC11D07E60E008C7763 /* Info.plist */ = {isa = PBXFileReference; lastKnownFileType = text.plist.xml; path = Info.plist; sourceTree = "<group>"; };
		65F8CC821D0CFE7F008C7763 /* MyMD5.h */ = {isa = PBXFileReference; fileEncoding = 4; lastKnownFileType = sourcecode.c.h; path = MyMD5.h; sourceTree = "<group>"; };
		65F8CC831D0CFE7F008C7763 /* MyMD5.m */ = {isa = PBXFileReference; fileEncoding = 4; lastKnownFileType = sourcecode.c.objc; path = MyMD5.m; sourceTree = "<group>"; };
		65F8CC891D0CFEE7008C7763 /* RequestUrl.h */ = {isa = PBXFileReference; fileEncoding = 4; lastKnownFileType = sourcecode.c.h; path = RequestUrl.h; sourceTree = "<group>"; };
		65F8CC8A1D0CFEE7008C7763 /* RequsetData.h */ = {isa = PBXFileReference; fileEncoding = 4; lastKnownFileType = sourcecode.c.h; path = RequsetData.h; sourceTree = "<group>"; };
		65F8CC8B1D0CFEE7008C7763 /* RequsetData.m */ = {isa = PBXFileReference; fileEncoding = 4; lastKnownFileType = sourcecode.c.objc; path = RequsetData.m; sourceTree = "<group>"; };
		65F8CC8C1D0CFEE7008C7763 /* ServerRequest.h */ = {isa = PBXFileReference; fileEncoding = 4; lastKnownFileType = sourcecode.c.h; path = ServerRequest.h; sourceTree = "<group>"; };
		65F8CC8D1D0CFEE7008C7763 /* ServerRequest.m */ = {isa = PBXFileReference; fileEncoding = 4; lastKnownFileType = sourcecode.c.objc; path = ServerRequest.m; sourceTree = "<group>"; };
		65F8CC921D0CFF98008C7763 /* SH12321PrefixHeader.pch */ = {isa = PBXFileReference; fileEncoding = 4; lastKnownFileType = sourcecode.c.h; path = SH12321PrefixHeader.pch; sourceTree = "<group>"; };
		65F8CCE81D0D00FB008C7763 /* NSObject+SBJson.h */ = {isa = PBXFileReference; fileEncoding = 4; lastKnownFileType = sourcecode.c.h; path = "NSObject+SBJson.h"; sourceTree = "<group>"; };
		65F8CCE91D0D00FB008C7763 /* NSObject+SBJson.m */ = {isa = PBXFileReference; fileEncoding = 4; lastKnownFileType = sourcecode.c.objc; path = "NSObject+SBJson.m"; sourceTree = "<group>"; };
		65F8CCEA1D0D00FB008C7763 /* SBJson.h */ = {isa = PBXFileReference; fileEncoding = 4; lastKnownFileType = sourcecode.c.h; path = SBJson.h; sourceTree = "<group>"; };
		65F8CCEB1D0D00FB008C7763 /* SBJsonParser.h */ = {isa = PBXFileReference; fileEncoding = 4; lastKnownFileType = sourcecode.c.h; path = SBJsonParser.h; sourceTree = "<group>"; };
		65F8CCEC1D0D00FB008C7763 /* SBJsonParser.m */ = {isa = PBXFileReference; fileEncoding = 4; lastKnownFileType = sourcecode.c.objc; path = SBJsonParser.m; sourceTree = "<group>"; };
		65F8CCED1D0D00FB008C7763 /* SBJsonStreamParser.h */ = {isa = PBXFileReference; fileEncoding = 4; lastKnownFileType = sourcecode.c.h; path = SBJsonStreamParser.h; sourceTree = "<group>"; };
		65F8CCEE1D0D00FB008C7763 /* SBJsonStreamParser.m */ = {isa = PBXFileReference; fileEncoding = 4; lastKnownFileType = sourcecode.c.objc; path = SBJsonStreamParser.m; sourceTree = "<group>"; };
		65F8CCEF1D0D00FB008C7763 /* SBJsonStreamParserAccumulator.h */ = {isa = PBXFileReference; fileEncoding = 4; lastKnownFileType = sourcecode.c.h; path = SBJsonStreamParserAccumulator.h; sourceTree = "<group>"; };
		65F8CCF01D0D00FB008C7763 /* SBJsonStreamParserAccumulator.m */ = {isa = PBXFileReference; fileEncoding = 4; lastKnownFileType = sourcecode.c.objc; path = SBJsonStreamParserAccumulator.m; sourceTree = "<group>"; };
		65F8CCF11D0D00FB008C7763 /* SBJsonStreamParserAdapter.h */ = {isa = PBXFileReference; fileEncoding = 4; lastKnownFileType = sourcecode.c.h; path = SBJsonStreamParserAdapter.h; sourceTree = "<group>"; };
		65F8CCF21D0D00FB008C7763 /* SBJsonStreamParserAdapter.m */ = {isa = PBXFileReference; fileEncoding = 4; lastKnownFileType = sourcecode.c.objc; path = SBJsonStreamParserAdapter.m; sourceTree = "<group>"; };
		65F8CCF31D0D00FB008C7763 /* SBJsonStreamParserState.h */ = {isa = PBXFileReference; fileEncoding = 4; lastKnownFileType = sourcecode.c.h; path = SBJsonStreamParserState.h; sourceTree = "<group>"; };
		65F8CCF41D0D00FB008C7763 /* SBJsonStreamParserState.m */ = {isa = PBXFileReference; fileEncoding = 4; lastKnownFileType = sourcecode.c.objc; path = SBJsonStreamParserState.m; sourceTree = "<group>"; };
		65F8CCF51D0D00FB008C7763 /* SBJsonStreamWriter.h */ = {isa = PBXFileReference; fileEncoding = 4; lastKnownFileType = sourcecode.c.h; path = SBJsonStreamWriter.h; sourceTree = "<group>"; };
		65F8CCF61D0D00FB008C7763 /* SBJsonStreamWriter.m */ = {isa = PBXFileReference; fileEncoding = 4; lastKnownFileType = sourcecode.c.objc; path = SBJsonStreamWriter.m; sourceTree = "<group>"; };
		65F8CCF71D0D00FB008C7763 /* SBJsonStreamWriterAccumulator.h */ = {isa = PBXFileReference; fileEncoding = 4; lastKnownFileType = sourcecode.c.h; path = SBJsonStreamWriterAccumulator.h; sourceTree = "<group>"; };
		65F8CCF81D0D00FB008C7763 /* SBJsonStreamWriterAccumulator.m */ = {isa = PBXFileReference; fileEncoding = 4; lastKnownFileType = sourcecode.c.objc; path = SBJsonStreamWriterAccumulator.m; sourceTree = "<group>"; };
		65F8CCF91D0D00FB008C7763 /* SBJsonStreamWriterState.h */ = {isa = PBXFileReference; fileEncoding = 4; lastKnownFileType = sourcecode.c.h; path = SBJsonStreamWriterState.h; sourceTree = "<group>"; };
		65F8CCFA1D0D00FB008C7763 /* SBJsonStreamWriterState.m */ = {isa = PBXFileReference; fileEncoding = 4; lastKnownFileType = sourcecode.c.objc; path = SBJsonStreamWriterState.m; sourceTree = "<group>"; };
		65F8CCFB1D0D00FB008C7763 /* SBJsonTokeniser.h */ = {isa = PBXFileReference; fileEncoding = 4; lastKnownFileType = sourcecode.c.h; path = SBJsonTokeniser.h; sourceTree = "<group>"; };
		65F8CCFC1D0D00FB008C7763 /* SBJsonTokeniser.m */ = {isa = PBXFileReference; fileEncoding = 4; lastKnownFileType = sourcecode.c.objc; path = SBJsonTokeniser.m; sourceTree = "<group>"; };
		65F8CCFD1D0D00FB008C7763 /* SBJsonUTF8Stream.h */ = {isa = PBXFileReference; fileEncoding = 4; lastKnownFileType = sourcecode.c.h; path = SBJsonUTF8Stream.h; sourceTree = "<group>"; };
		65F8CCFE1D0D00FB008C7763 /* SBJsonUTF8Stream.m */ = {isa = PBXFileReference; fileEncoding = 4; lastKnownFileType = sourcecode.c.objc; path = SBJsonUTF8Stream.m; sourceTree = "<group>"; };
		65F8CCFF1D0D00FB008C7763 /* SBJsonWriter.h */ = {isa = PBXFileReference; fileEncoding = 4; lastKnownFileType = sourcecode.c.h; path = SBJsonWriter.h; sourceTree = "<group>"; };
		65F8CD001D0D00FB008C7763 /* SBJsonWriter.m */ = {isa = PBXFileReference; fileEncoding = 4; lastKnownFileType = sourcecode.c.objc; path = SBJsonWriter.m; sourceTree = "<group>"; };
		65F8CD0F1D0D0DCE008C7763 /* AFHTTPRequestOperation.h */ = {isa = PBXFileReference; fileEncoding = 4; lastKnownFileType = sourcecode.c.h; path = AFHTTPRequestOperation.h; sourceTree = "<group>"; };
		65F8CD101D0D0DCE008C7763 /* AFHTTPRequestOperation.m */ = {isa = PBXFileReference; fileEncoding = 4; lastKnownFileType = sourcecode.c.objc; path = AFHTTPRequestOperation.m; sourceTree = "<group>"; };
		65F8CD111D0D0DCE008C7763 /* AFHTTPRequestOperationManager.h */ = {isa = PBXFileReference; fileEncoding = 4; lastKnownFileType = sourcecode.c.h; path = AFHTTPRequestOperationManager.h; sourceTree = "<group>"; };
		65F8CD121D0D0DCE008C7763 /* AFHTTPRequestOperationManager.m */ = {isa = PBXFileReference; fileEncoding = 4; lastKnownFileType = sourcecode.c.objc; path = AFHTTPRequestOperationManager.m; sourceTree = "<group>"; };
		65F8CD131D0D0DCE008C7763 /* AFHTTPSessionManager.h */ = {isa = PBXFileReference; fileEncoding = 4; lastKnownFileType = sourcecode.c.h; path = AFHTTPSessionManager.h; sourceTree = "<group>"; };
		65F8CD141D0D0DCE008C7763 /* AFHTTPSessionManager.m */ = {isa = PBXFileReference; fileEncoding = 4; lastKnownFileType = sourcecode.c.objc; path = AFHTTPSessionManager.m; sourceTree = "<group>"; };
		65F8CD151D0D0DCE008C7763 /* AFNetworking.h */ = {isa = PBXFileReference; fileEncoding = 4; lastKnownFileType = sourcecode.c.h; path = AFNetworking.h; sourceTree = "<group>"; };
		65F8CD161D0D0DCE008C7763 /* AFNetworkReachabilityManager.h */ = {isa = PBXFileReference; fileEncoding = 4; lastKnownFileType = sourcecode.c.h; path = AFNetworkReachabilityManager.h; sourceTree = "<group>"; };
		65F8CD171D0D0DCE008C7763 /* AFNetworkReachabilityManager.m */ = {isa = PBXFileReference; fileEncoding = 4; lastKnownFileType = sourcecode.c.objc; path = AFNetworkReachabilityManager.m; sourceTree = "<group>"; };
		65F8CD181D0D0DCE008C7763 /* AFSecurityPolicy.h */ = {isa = PBXFileReference; fileEncoding = 4; lastKnownFileType = sourcecode.c.h; path = AFSecurityPolicy.h; sourceTree = "<group>"; };
		65F8CD191D0D0DCE008C7763 /* AFSecurityPolicy.m */ = {isa = PBXFileReference; fileEncoding = 4; lastKnownFileType = sourcecode.c.objc; path = AFSecurityPolicy.m; sourceTree = "<group>"; };
		65F8CD1A1D0D0DCE008C7763 /* AFURLConnectionOperation.h */ = {isa = PBXFileReference; fileEncoding = 4; lastKnownFileType = sourcecode.c.h; path = AFURLConnectionOperation.h; sourceTree = "<group>"; };
		65F8CD1B1D0D0DCE008C7763 /* AFURLConnectionOperation.m */ = {isa = PBXFileReference; fileEncoding = 4; lastKnownFileType = sourcecode.c.objc; path = AFURLConnectionOperation.m; sourceTree = "<group>"; };
		65F8CD1C1D0D0DCE008C7763 /* AFURLRequestSerialization.h */ = {isa = PBXFileReference; fileEncoding = 4; lastKnownFileType = sourcecode.c.h; path = AFURLRequestSerialization.h; sourceTree = "<group>"; };
		65F8CD1D1D0D0DCE008C7763 /* AFURLRequestSerialization.m */ = {isa = PBXFileReference; fileEncoding = 4; lastKnownFileType = sourcecode.c.objc; path = AFURLRequestSerialization.m; sourceTree = "<group>"; };
		65F8CD1E1D0D0DCE008C7763 /* AFURLResponseSerialization.h */ = {isa = PBXFileReference; fileEncoding = 4; lastKnownFileType = sourcecode.c.h; path = AFURLResponseSerialization.h; sourceTree = "<group>"; };
		65F8CD1F1D0D0DCE008C7763 /* AFURLResponseSerialization.m */ = {isa = PBXFileReference; fileEncoding = 4; lastKnownFileType = sourcecode.c.objc; path = AFURLResponseSerialization.m; sourceTree = "<group>"; };
		65F8CD201D0D0DCE008C7763 /* AFURLSessionManager.h */ = {isa = PBXFileReference; fileEncoding = 4; lastKnownFileType = sourcecode.c.h; path = AFURLSessionManager.h; sourceTree = "<group>"; };
		65F8CD211D0D0DCE008C7763 /* AFURLSessionManager.m */ = {isa = PBXFileReference; fileEncoding = 4; lastKnownFileType = sourcecode.c.objc; path = AFURLSessionManager.m; sourceTree = "<group>"; };
		65F8CD411D0D2FF7008C7763 /* TGService.h */ = {isa = PBXFileReference; fileEncoding = 4; lastKnownFileType = sourcecode.c.h; path = TGService.h; sourceTree = "<group>"; };
		65F8CD421D0D2FF7008C7763 /* TGService.m */ = {isa = PBXFileReference; fileEncoding = 4; lastKnownFileType = sourcecode.c.objc; path = TGService.m; sourceTree = "<group>"; };
		65F8CD451D0D33C8008C7763 /* TGButton.h */ = {isa = PBXFileReference; fileEncoding = 4; lastKnownFileType = sourcecode.c.h; path = TGButton.h; sourceTree = "<group>"; };
		65F8CD461D0D33C8008C7763 /* TGButton.m */ = {isa = PBXFileReference; fileEncoding = 4; lastKnownFileType = sourcecode.c.objc; path = TGButton.m; sourceTree = "<group>"; };
		65F8CD471D0D33C8008C7763 /* TGLabel.h */ = {isa = PBXFileReference; fileEncoding = 4; lastKnownFileType = sourcecode.c.h; path = TGLabel.h; sourceTree = "<group>"; };
		65F8CD481D0D33C8008C7763 /* TGLabel.m */ = {isa = PBXFileReference; fileEncoding = 4; lastKnownFileType = sourcecode.c.objc; path = TGLabel.m; sourceTree = "<group>"; };
		65F8CD491D0D33C8008C7763 /* TGTableViewCell.h */ = {isa = PBXFileReference; fileEncoding = 4; lastKnownFileType = sourcecode.c.h; path = TGTableViewCell.h; sourceTree = "<group>"; };
		65F8CD4A1D0D33C8008C7763 /* TGTableViewCell.m */ = {isa = PBXFileReference; fileEncoding = 4; lastKnownFileType = sourcecode.c.objc; path = TGTableViewCell.m; sourceTree = "<group>"; };
		65F8CD4B1D0D33C8008C7763 /* TGView.h */ = {isa = PBXFileReference; fileEncoding = 4; lastKnownFileType = sourcecode.c.h; path = TGView.h; sourceTree = "<group>"; };
		65F8CD4C1D0D33C8008C7763 /* TGView.m */ = {isa = PBXFileReference; fileEncoding = 4; lastKnownFileType = sourcecode.c.objc; path = TGView.m; sourceTree = "<group>"; };
		65F8CD4D1D0D33C8008C7763 /* TGViewController.h */ = {isa = PBXFileReference; fileEncoding = 4; lastKnownFileType = sourcecode.c.h; path = TGViewController.h; sourceTree = "<group>"; };
		65F8CD4E1D0D33C8008C7763 /* TGViewController.m */ = {isa = PBXFileReference; fileEncoding = 4; lastKnownFileType = sourcecode.c.objc; path = TGViewController.m; sourceTree = "<group>"; };
		65F8CD4F1D0D33C8008C7763 /* UIView+Extension.h */ = {isa = PBXFileReference; fileEncoding = 4; lastKnownFileType = sourcecode.c.h; path = "UIView+Extension.h"; sourceTree = "<group>"; };
		65F8CD501D0D33C8008C7763 /* UIView+Extension.m */ = {isa = PBXFileReference; fileEncoding = 4; lastKnownFileType = sourcecode.c.objc; path = "UIView+Extension.m"; sourceTree = "<group>"; };
		65F8CD581D0D3442008C7763 /* MMLink.h */ = {isa = PBXFileReference; fileEncoding = 4; lastKnownFileType = sourcecode.c.h; path = MMLink.h; sourceTree = "<group>"; };
		65F8CD591D0D3442008C7763 /* MMLink.m */ = {isa = PBXFileReference; fileEncoding = 4; lastKnownFileType = sourcecode.c.objc; path = MMLink.m; sourceTree = "<group>"; };
		65F8CD5A1D0D3442008C7763 /* TGCommon.h */ = {isa = PBXFileReference; fileEncoding = 4; lastKnownFileType = sourcecode.c.h; path = TGCommon.h; sourceTree = "<group>"; };
		65F8CD5B1D0D3442008C7763 /* TGJson.h */ = {isa = PBXFileReference; fileEncoding = 4; lastKnownFileType = sourcecode.c.h; path = TGJson.h; sourceTree = "<group>"; };
		65F8CD5C1D0D3442008C7763 /* TGJson.m */ = {isa = PBXFileReference; fileEncoding = 4; lastKnownFileType = sourcecode.c.objc; path = TGJson.m; sourceTree = "<group>"; };
		65F8CD5D1D0D3442008C7763 /* TGManager.h */ = {isa = PBXFileReference; fileEncoding = 4; lastKnownFileType = sourcecode.c.h; path = TGManager.h; sourceTree = "<group>"; };
		65F8CD5E1D0D3442008C7763 /* TGManager.m */ = {isa = PBXFileReference; fileEncoding = 4; lastKnownFileType = sourcecode.c.objc; path = TGManager.m; sourceTree = "<group>"; };
		65F8CD5F1D0D3442008C7763 /* TGModel.h */ = {isa = PBXFileReference; fileEncoding = 4; lastKnownFileType = sourcecode.c.h; path = TGModel.h; sourceTree = "<group>"; };
		65F8CD601D0D3442008C7763 /* TGModel.m */ = {isa = PBXFileReference; fileEncoding = 4; lastKnownFileType = sourcecode.c.objc; path = TGModel.m; sourceTree = "<group>"; };
		65F8CD611D0D3442008C7763 /* TGUtils.h */ = {isa = PBXFileReference; fileEncoding = 4; lastKnownFileType = sourcecode.c.h; path = TGUtils.h; sourceTree = "<group>"; };
		65F8CD621D0D3442008C7763 /* TGUtils.m */ = {isa = PBXFileReference; fileEncoding = 4; lastKnownFileType = sourcecode.c.objc; path = TGUtils.m; sourceTree = "<group>"; };
		65F8CD691D0D346C008C7763 /* ReportCrankCallVC.h */ = {isa = PBXFileReference; fileEncoding = 4; lastKnownFileType = sourcecode.c.h; path = ReportCrankCallVC.h; sourceTree = "<group>"; };
		65F8CD6A1D0D346C008C7763 /* ReportCrankCallVC.m */ = {isa = PBXFileReference; fileEncoding = 4; lastKnownFileType = sourcecode.c.objc; path = ReportCrankCallVC.m; sourceTree = "<group>"; };
		65F8CD6B1D0D346C008C7763 /* ReportListViewController.h */ = {isa = PBXFileReference; fileEncoding = 4; lastKnownFileType = sourcecode.c.h; path = ReportListViewController.h; sourceTree = "<group>"; };
		65F8CD6C1D0D346C008C7763 /* ReportListViewController.m */ = {isa = PBXFileReference; fileEncoding = 4; lastKnownFileType = sourcecode.c.objc; path = ReportListViewController.m; sourceTree = "<group>"; };
		65F8CD6D1D0D346C008C7763 /* ReportScamsCallVC.h */ = {isa = PBXFileReference; fileEncoding = 4; lastKnownFileType = sourcecode.c.h; path = ReportScamsCallVC.h; sourceTree = "<group>"; };
		65F8CD6E1D0D346C008C7763 /* ReportScamsCallVC.m */ = {isa = PBXFileReference; fileEncoding = 4; lastKnownFileType = sourcecode.c.objc; path = ReportScamsCallVC.m; sourceTree = "<group>"; };
		65F8CD731D0D34A4008C7763 /* NewsDetailModel.h */ = {isa = PBXFileReference; fileEncoding = 4; lastKnownFileType = sourcecode.c.h; path = NewsDetailModel.h; sourceTree = "<group>"; };
		65F8CD741D0D34A4008C7763 /* NewsDetailModel.m */ = {isa = PBXFileReference; fileEncoding = 4; lastKnownFileType = sourcecode.c.objc; path = NewsDetailModel.m; sourceTree = "<group>"; };
		65F8CD751D0D34A4008C7763 /* NewsDetailsVC.h */ = {isa = PBXFileReference; fileEncoding = 4; lastKnownFileType = sourcecode.c.h; path = NewsDetailsVC.h; sourceTree = "<group>"; };
		65F8CD761D0D34A4008C7763 /* NewsDetailsVC.m */ = {isa = PBXFileReference; fileEncoding = 4; lastKnownFileType = sourcecode.c.objc; path = NewsDetailsVC.m; sourceTree = "<group>"; };
		65F8CD771D0D34A4008C7763 /* NewsHomeCell.h */ = {isa = PBXFileReference; fileEncoding = 4; lastKnownFileType = sourcecode.c.h; path = NewsHomeCell.h; sourceTree = "<group>"; };
		65F8CD781D0D34A4008C7763 /* NewsHomeCell.m */ = {isa = PBXFileReference; fileEncoding = 4; lastKnownFileType = sourcecode.c.objc; path = NewsHomeCell.m; sourceTree = "<group>"; };
		65F8CD791D0D34A4008C7763 /* NewsHomeVC.h */ = {isa = PBXFileReference; fileEncoding = 4; lastKnownFileType = sourcecode.c.h; path = NewsHomeVC.h; sourceTree = "<group>"; };
		65F8CD7A1D0D34A4008C7763 /* NewsHomeVC.m */ = {isa = PBXFileReference; fileEncoding = 4; lastKnownFileType = sourcecode.c.objc; path = NewsHomeVC.m; sourceTree = "<group>"; };
		65F8CD801D0D34D8008C7763 /* LoginVC.h */ = {isa = PBXFileReference; fileEncoding = 4; lastKnownFileType = sourcecode.c.h; path = LoginVC.h; sourceTree = "<group>"; };
		65F8CD811D0D34D8008C7763 /* LoginVC.m */ = {isa = PBXFileReference; fileEncoding = 4; lastKnownFileType = sourcecode.c.objc; path = LoginVC.m; sourceTree = "<group>"; };
		65F8CD821D0D34D8008C7763 /* MeHomeVC.h */ = {isa = PBXFileReference; fileEncoding = 4; lastKnownFileType = sourcecode.c.h; path = MeHomeVC.h; sourceTree = "<group>"; };
		65F8CD831D0D34D8008C7763 /* MeHomeVC.m */ = {isa = PBXFileReference; fileEncoding = 4; lastKnownFileType = sourcecode.c.objc; path = MeHomeVC.m; sourceTree = "<group>"; };
		65F8CD891D0D4007008C7763 /* ReportRecordCell.h */ = {isa = PBXFileReference; fileEncoding = 4; lastKnownFileType = sourcecode.c.h; path = ReportRecordCell.h; sourceTree = "<group>"; };
		65F8CD8A1D0D4007008C7763 /* ReportRecordCell.m */ = {isa = PBXFileReference; fileEncoding = 4; lastKnownFileType = sourcecode.c.objc; path = ReportRecordCell.m; sourceTree = "<group>"; };
		65F8CD8C1D0E5257008C7763 /* TGRequest.h */ = {isa = PBXFileReference; fileEncoding = 4; lastKnownFileType = sourcecode.c.h; path = TGRequest.h; sourceTree = "<group>"; };
		65F8CD8D1D0E5257008C7763 /* TGRequest.m */ = {isa = PBXFileReference; fileEncoding = 4; lastKnownFileType = sourcecode.c.objc; path = TGRequest.m; sourceTree = "<group>"; };
		65F8CD8F1D0E9890008C7763 /* ServiceConfig.h */ = {isa = PBXFileReference; lastKnownFileType = sourcecode.c.h; path = ServiceConfig.h; sourceTree = "<group>"; };
		65F8CD901D0EA106008C7763 /* ReportDataModel.h */ = {isa = PBXFileReference; fileEncoding = 4; lastKnownFileType = sourcecode.c.h; path = ReportDataModel.h; sourceTree = "<group>"; };
		65F8CD911D0EA106008C7763 /* ReportDataModel.m */ = {isa = PBXFileReference; fileEncoding = 4; lastKnownFileType = sourcecode.c.objc; path = ReportDataModel.m; sourceTree = "<group>"; };
		65F8CDA61D0FA75D008C7763 /* ReportShortMessageVC.h */ = {isa = PBXFileReference; fileEncoding = 4; lastKnownFileType = sourcecode.c.h; path = ReportShortMessageVC.h; sourceTree = "<group>"; };
		65F8CDA71D0FA75D008C7763 /* ReportShortMessageVC.m */ = {isa = PBXFileReference; fileEncoding = 4; lastKnownFileType = sourcecode.c.objc; path = ReportShortMessageVC.m; sourceTree = "<group>"; };
		65F8CDA91D0FA778008C7763 /* ReportWebsiteVC.h */ = {isa = PBXFileReference; fileEncoding = 4; lastKnownFileType = sourcecode.c.h; path = ReportWebsiteVC.h; sourceTree = "<group>"; };
		65F8CDAA1D0FA778008C7763 /* ReportWebsiteVC.m */ = {isa = PBXFileReference; fileEncoding = 4; lastKnownFileType = sourcecode.c.objc; path = ReportWebsiteVC.m; sourceTree = "<group>"; };
		65F8CDAC1D0FA78B008C7763 /* ReportAppVC.h */ = {isa = PBXFileReference; fileEncoding = 4; lastKnownFileType = sourcecode.c.h; path = ReportAppVC.h; sourceTree = "<group>"; };
		65F8CDAD1D0FA78B008C7763 /* ReportAppVC.m */ = {isa = PBXFileReference; fileEncoding = 4; lastKnownFileType = sourcecode.c.objc; path = ReportAppVC.m; sourceTree = "<group>"; };
		65F8CDAF1D0FA79C008C7763 /* ReportWIFIVC.h */ = {isa = PBXFileReference; fileEncoding = 4; lastKnownFileType = sourcecode.c.h; path = ReportWIFIVC.h; sourceTree = "<group>"; };
		65F8CDB01D0FA79C008C7763 /* ReportWIFIVC.m */ = {isa = PBXFileReference; fileEncoding = 4; lastKnownFileType = sourcecode.c.objc; path = ReportWIFIVC.m; sourceTree = "<group>"; };
		65F8CDB21D0FA7C2008C7763 /* ReportFakeBasicStationVC.h */ = {isa = PBXFileReference; fileEncoding = 4; lastKnownFileType = sourcecode.c.h; path = ReportFakeBasicStationVC.h; sourceTree = "<group>"; };
		65F8CDB31D0FA7C2008C7763 /* ReportFakeBasicStationVC.m */ = {isa = PBXFileReference; fileEncoding = 4; lastKnownFileType = sourcecode.c.objc; path = ReportFakeBasicStationVC.m; sourceTree = "<group>"; };
		65F8CDB51D0FA7E1008C7763 /* ReportEmailVC.h */ = {isa = PBXFileReference; fileEncoding = 4; lastKnownFileType = sourcecode.c.h; path = ReportEmailVC.h; sourceTree = "<group>"; };
		65F8CDB61D0FA7E1008C7763 /* ReportEmailVC.m */ = {isa = PBXFileReference; fileEncoding = 4; lastKnownFileType = sourcecode.c.objc; path = ReportEmailVC.m; sourceTree = "<group>"; };
/* End PBXFileReference section */

/* Begin PBXFrameworksBuildPhase section */
		65F8CBAA1D07E60E008C7763 /* Frameworks */ = {
			isa = PBXFrameworksBuildPhase;
			buildActionMask = 2147483647;
			files = (
			);
			runOnlyForDeploymentPostprocessing = 0;
		};
/* End PBXFrameworksBuildPhase section */

/* Begin PBXGroup section */
		657047EF1D17C8D300D98E92 /* SDWebImage */ = {
			isa = PBXGroup;
			children = (
				657047F01D17C8D300D98E92 /* MKAnnotationView+WebCache.h */,
				657047F11D17C8D300D98E92 /* MKAnnotationView+WebCache.m */,
				657047F21D17C8D300D98E92 /* NSData+ImageContentType.h */,
				657047F31D17C8D300D98E92 /* NSData+ImageContentType.m */,
				657047F41D17C8D300D98E92 /* SDImageCache.h */,
				657047F51D17C8D300D98E92 /* SDImageCache.m */,
				657047F61D17C8D300D98E92 /* SDWebImageCompat.h */,
				657047F71D17C8D300D98E92 /* SDWebImageCompat.m */,
				657047F81D17C8D300D98E92 /* SDWebImageDecoder.h */,
				657047F91D17C8D300D98E92 /* SDWebImageDecoder.m */,
				657047FA1D17C8D300D98E92 /* SDWebImageDownloader.h */,
				657047FB1D17C8D300D98E92 /* SDWebImageDownloader.m */,
				657047FC1D17C8D300D98E92 /* SDWebImageDownloaderOperation.h */,
				657047FD1D17C8D300D98E92 /* SDWebImageDownloaderOperation.m */,
				657047FE1D17C8D300D98E92 /* SDWebImageManager.h */,
				657047FF1D17C8D300D98E92 /* SDWebImageManager.m */,
				657048001D17C8D300D98E92 /* SDWebImageOperation.h */,
				657048011D17C8D300D98E92 /* SDWebImagePrefetcher.h */,
				657048021D17C8D300D98E92 /* SDWebImagePrefetcher.m */,
				657048031D17C8D300D98E92 /* UIButton+WebCache.h */,
				657048041D17C8D300D98E92 /* UIButton+WebCache.m */,
				657048051D17C8D300D98E92 /* UIImage+GIF.h */,
				657048061D17C8D300D98E92 /* UIImage+GIF.m */,
				657048071D17C8D300D98E92 /* UIImage+MultiFormat.h */,
				657048081D17C8D300D98E92 /* UIImage+MultiFormat.m */,
				657048091D17C8D300D98E92 /* UIImage+WebP.h */,
				6570480A1D17C8D300D98E92 /* UIImage+WebP.m */,
				6570480B1D17C8D300D98E92 /* UIImageView+HighlightedWebCache.h */,
				6570480C1D17C8D300D98E92 /* UIImageView+HighlightedWebCache.m */,
				6570480D1D17C8D300D98E92 /* UIImageView+WebCache.h */,
				6570480E1D17C8D300D98E92 /* UIImageView+WebCache.m */,
				6570480F1D17C8D300D98E92 /* UIView+WebCacheOperation.h */,
				657048101D17C8D300D98E92 /* UIView+WebCacheOperation.m */,
			);
			path = SDWebImage;
			sourceTree = "<group>";
		};
		65DDC07C1D191FDA00F02FA3 /* Common */ = {
			isa = PBXGroup;
			children = (
				65DDC07D1D191FEA00F02FA3 /* CommonDefine.h */,
				65DDC0931D19392C00F02FA3 /* SelectTypeView.h */,
				65DDC0941D19392C00F02FA3 /* SelectTypeView.m */,
				65EC90881D29FC09004D12B9 /* DetailTypeView.h */,
				65EC90891D29FC09004D12B9 /* DetailTypeView.m */,
				65EC908B1D2A0127004D12B9 /* DetailItemView.h */,
				65EC908C1D2A0127004D12B9 /* DetailItemView.m */,
				652190571D1A6C500038EEA1 /* SelectTimeView.h */,
				652190581D1A6C500038EEA1 /* SelectTimeView.m */,
				652190691D1B80740038EEA1 /* SelectItemView.h */,
				6521906A1D1B80740038EEA1 /* SelectItemView.m */,
				65DDC07E1D19206900F02FA3 /* CommitButton.h */,
				65DDC07F1D19206900F02FA3 /* CommitButton.m */,
				65DDC0811D19244600F02FA3 /* ReportItemLabel.h */,
				65DDC0821D19244600F02FA3 /* ReportItemLabel.m */,
				65DDC0841D19278400F02FA3 /* ReportItemTextField.h */,
				65DDC0851D19278400F02FA3 /* ReportItemTextField.m */,
				65DDC0871D19279C00F02FA3 /* ReportItemTextView.h */,
				65DDC0881D19279C00F02FA3 /* ReportItemTextView.m */,
				65199FFB1D225A1800C47DD4 /* UploadImageItemView.h */,
				65199FFC1D225A1800C47DD4 /* UploadImageItemView.m */,
				65DDC0901D19337700F02FA3 /* SHAreasListVC.h */,
				65DDC0911D19337700F02FA3 /* SHAreasListVC.m */,
				65DDC08D1D19335800F02FA3 /* SHStreetsListVC.h */,
				65DDC08E1D19335800F02FA3 /* SHStreetsListVC.m */,
				65199FF51D2250F200C47DD4 /* SHOperatorsListVC.h */,
				65199FF61D2250F200C47DD4 /* SHOperatorsListVC.m */,
				65199FF81D2257C700C47DD4 /* SHIllegalReasonListVC.h */,
				65199FF91D2257C700C47DD4 /* SHIllegalReasonListVC.m */,
			);
			path = Common;
			sourceTree = "<group>";
		};
		65F8CBA41D07E60E008C7763 = {
			isa = PBXGroup;
			children = (
				65F8CBAF1D07E60E008C7763 /* SH12321 */,
				65F8CBAE1D07E60E008C7763 /* Products */,
			);
			sourceTree = "<group>";
		};
		65F8CBAE1D07E60E008C7763 /* Products */ = {
			isa = PBXGroup;
			children = (
				65F8CBAD1D07E60E008C7763 /* SH12321.app */,
			);
			name = Products;
			sourceTree = "<group>";
		};
		65F8CBAF1D07E60E008C7763 /* SH12321 */ = {
			isa = PBXGroup;
			children = (
				65F8CC801D0CFE4B008C7763 /* ThirdPartyTools */,
				65DDC07C1D191FDA00F02FA3 /* Common */,
				65F8CC911D0CFF74008C7763 /* Configs */,
				65F8CD441D0D33C8008C7763 /* TGUI */,
				65F8CD571D0D3442008C7763 /* TGUtils */,
				65F8CD681D0D346C008C7763 /* Report */,
				65F8CD721D0D34A4008C7763 /* News */,
				65F8CD7F1D0D34D8008C7763 /* Me */,
				65F8CD401D0D2FBA008C7763 /* Service */,
				65F8CC851D0CFEBE008C7763 /* Request */,
				65F8CD931D0F940B008C7763 /* Resource */,
				65F8CBB31D07E60E008C7763 /* AppDelegate.h */,
				65F8CBB41D07E60E008C7763 /* AppDelegate.m */,
				65F8CBB61D07E60E008C7763 /* ViewController.h */,
				65F8CBB71D07E60E008C7763 /* ViewController.m */,
				65F8CBB91D07E60E008C7763 /* Main.storyboard */,
				65F8CBBC1D07E60E008C7763 /* Assets.xcassets */,
				65F8CBBE1D07E60E008C7763 /* LaunchScreen.storyboard */,
				65F8CBC11D07E60E008C7763 /* Info.plist */,
				65F8CBB01D07E60E008C7763 /* Supporting Files */,
			);
			path = SH12321;
			sourceTree = "<group>";
		};
		65F8CBB01D07E60E008C7763 /* Supporting Files */ = {
			isa = PBXGroup;
			children = (
				65F8CBB11D07E60E008C7763 /* main.m */,
			);
			name = "Supporting Files";
			sourceTree = "<group>";
		};
		65F8CC801D0CFE4B008C7763 /* ThirdPartyTools */ = {
			isa = PBXGroup;
			children = (
				657047EF1D17C8D300D98E92 /* SDWebImage */,
				65F8CD0E1D0D0DCE008C7763 /* AFNetworking */,
				65F8CCE71D0D00FB008C7763 /* SBJson */,
				65F8CC811D0CFE62008C7763 /* MD5 */,
			);
			path = ThirdPartyTools;
			sourceTree = "<group>";
		};
		65F8CC811D0CFE62008C7763 /* MD5 */ = {
			isa = PBXGroup;
			children = (
				65F8CC821D0CFE7F008C7763 /* MyMD5.h */,
				65F8CC831D0CFE7F008C7763 /* MyMD5.m */,
			);
			path = MD5;
			sourceTree = "<group>";
		};
		65F8CC851D0CFEBE008C7763 /* Request */ = {
			isa = PBXGroup;
			children = (
				65F8CC891D0CFEE7008C7763 /* RequestUrl.h */,
				65F8CC8A1D0CFEE7008C7763 /* RequsetData.h */,
				65F8CC8B1D0CFEE7008C7763 /* RequsetData.m */,
				65F8CC8C1D0CFEE7008C7763 /* ServerRequest.h */,
				65F8CC8D1D0CFEE7008C7763 /* ServerRequest.m */,
				65F8CD8C1D0E5257008C7763 /* TGRequest.h */,
				65F8CD8D1D0E5257008C7763 /* TGRequest.m */,
			);
			path = Request;
			sourceTree = "<group>";
		};
		65F8CC911D0CFF74008C7763 /* Configs */ = {
			isa = PBXGroup;
			children = (
				65F8CC921D0CFF98008C7763 /* SH12321PrefixHeader.pch */,
			);
			path = Configs;
			sourceTree = "<group>";
		};
		65F8CCE71D0D00FB008C7763 /* SBJson */ = {
			isa = PBXGroup;
			children = (
				65F8CCE81D0D00FB008C7763 /* NSObject+SBJson.h */,
				65F8CCE91D0D00FB008C7763 /* NSObject+SBJson.m */,
				65F8CCEA1D0D00FB008C7763 /* SBJson.h */,
				65F8CCEB1D0D00FB008C7763 /* SBJsonParser.h */,
				65F8CCEC1D0D00FB008C7763 /* SBJsonParser.m */,
				65F8CCED1D0D00FB008C7763 /* SBJsonStreamParser.h */,
				65F8CCEE1D0D00FB008C7763 /* SBJsonStreamParser.m */,
				65F8CCEF1D0D00FB008C7763 /* SBJsonStreamParserAccumulator.h */,
				65F8CCF01D0D00FB008C7763 /* SBJsonStreamParserAccumulator.m */,
				65F8CCF11D0D00FB008C7763 /* SBJsonStreamParserAdapter.h */,
				65F8CCF21D0D00FB008C7763 /* SBJsonStreamParserAdapter.m */,
				65F8CCF31D0D00FB008C7763 /* SBJsonStreamParserState.h */,
				65F8CCF41D0D00FB008C7763 /* SBJsonStreamParserState.m */,
				65F8CCF51D0D00FB008C7763 /* SBJsonStreamWriter.h */,
				65F8CCF61D0D00FB008C7763 /* SBJsonStreamWriter.m */,
				65F8CCF71D0D00FB008C7763 /* SBJsonStreamWriterAccumulator.h */,
				65F8CCF81D0D00FB008C7763 /* SBJsonStreamWriterAccumulator.m */,
				65F8CCF91D0D00FB008C7763 /* SBJsonStreamWriterState.h */,
				65F8CCFA1D0D00FB008C7763 /* SBJsonStreamWriterState.m */,
				65F8CCFB1D0D00FB008C7763 /* SBJsonTokeniser.h */,
				65F8CCFC1D0D00FB008C7763 /* SBJsonTokeniser.m */,
				65F8CCFD1D0D00FB008C7763 /* SBJsonUTF8Stream.h */,
				65F8CCFE1D0D00FB008C7763 /* SBJsonUTF8Stream.m */,
				65F8CCFF1D0D00FB008C7763 /* SBJsonWriter.h */,
				65F8CD001D0D00FB008C7763 /* SBJsonWriter.m */,
			);
			path = SBJson;
			sourceTree = "<group>";
		};
		65F8CD0E1D0D0DCE008C7763 /* AFNetworking */ = {
			isa = PBXGroup;
			children = (
				65F8CD0F1D0D0DCE008C7763 /* AFHTTPRequestOperation.h */,
				65F8CD101D0D0DCE008C7763 /* AFHTTPRequestOperation.m */,
				65F8CD111D0D0DCE008C7763 /* AFHTTPRequestOperationManager.h */,
				65F8CD121D0D0DCE008C7763 /* AFHTTPRequestOperationManager.m */,
				65F8CD131D0D0DCE008C7763 /* AFHTTPSessionManager.h */,
				65F8CD141D0D0DCE008C7763 /* AFHTTPSessionManager.m */,
				65F8CD151D0D0DCE008C7763 /* AFNetworking.h */,
				65F8CD161D0D0DCE008C7763 /* AFNetworkReachabilityManager.h */,
				65F8CD171D0D0DCE008C7763 /* AFNetworkReachabilityManager.m */,
				65F8CD181D0D0DCE008C7763 /* AFSecurityPolicy.h */,
				65F8CD191D0D0DCE008C7763 /* AFSecurityPolicy.m */,
				65F8CD1A1D0D0DCE008C7763 /* AFURLConnectionOperation.h */,
				65F8CD1B1D0D0DCE008C7763 /* AFURLConnectionOperation.m */,
				65F8CD1C1D0D0DCE008C7763 /* AFURLRequestSerialization.h */,
				65F8CD1D1D0D0DCE008C7763 /* AFURLRequestSerialization.m */,
				65F8CD1E1D0D0DCE008C7763 /* AFURLResponseSerialization.h */,
				65F8CD1F1D0D0DCE008C7763 /* AFURLResponseSerialization.m */,
				65F8CD201D0D0DCE008C7763 /* AFURLSessionManager.h */,
				65F8CD211D0D0DCE008C7763 /* AFURLSessionManager.m */,
			);
			path = AFNetworking;
			sourceTree = "<group>";
		};
		65F8CD401D0D2FBA008C7763 /* Service */ = {
			isa = PBXGroup;
			children = (
				65F8CD411D0D2FF7008C7763 /* TGService.h */,
				65F8CD421D0D2FF7008C7763 /* TGService.m */,
				65F8CD8F1D0E9890008C7763 /* ServiceConfig.h */,
				65DDC0771D18DAA800F02FA3 /* ServiceDefine.h */,
			);
			path = Service;
			sourceTree = "<group>";
		};
		65F8CD441D0D33C8008C7763 /* TGUI */ = {
			isa = PBXGroup;
			children = (
				65F8CD451D0D33C8008C7763 /* TGButton.h */,
				65F8CD461D0D33C8008C7763 /* TGButton.m */,
				65F8CD471D0D33C8008C7763 /* TGLabel.h */,
				65F8CD481D0D33C8008C7763 /* TGLabel.m */,
				65F8CD491D0D33C8008C7763 /* TGTableViewCell.h */,
				65F8CD4A1D0D33C8008C7763 /* TGTableViewCell.m */,
				65F8CD4B1D0D33C8008C7763 /* TGView.h */,
				65F8CD4C1D0D33C8008C7763 /* TGView.m */,
				65F8CD4D1D0D33C8008C7763 /* TGViewController.h */,
				65F8CD4E1D0D33C8008C7763 /* TGViewController.m */,
				65F8CD4F1D0D33C8008C7763 /* UIView+Extension.h */,
				65F8CD501D0D33C8008C7763 /* UIView+Extension.m */,
			);
			path = TGUI;
			sourceTree = "<group>";
		};
		65F8CD571D0D3442008C7763 /* TGUtils */ = {
			isa = PBXGroup;
			children = (
				65F8CD581D0D3442008C7763 /* MMLink.h */,
				65F8CD591D0D3442008C7763 /* MMLink.m */,
				65F8CD5A1D0D3442008C7763 /* TGCommon.h */,
				65F8CD5B1D0D3442008C7763 /* TGJson.h */,
				65F8CD5C1D0D3442008C7763 /* TGJson.m */,
				65F8CD5D1D0D3442008C7763 /* TGManager.h */,
				65F8CD5E1D0D3442008C7763 /* TGManager.m */,
				65F8CD5F1D0D3442008C7763 /* TGModel.h */,
				65F8CD601D0D3442008C7763 /* TGModel.m */,
				657048211D17D1D200D98E92 /* TGToast.h */,
				657048221D17D1D200D98E92 /* TGToast.m */,
				65F8CD611D0D3442008C7763 /* TGUtils.h */,
				65F8CD621D0D3442008C7763 /* TGUtils.m */,
			);
			path = TGUtils;
			sourceTree = "<group>";
		};
		65F8CD681D0D346C008C7763 /* Report */ = {
			isa = PBXGroup;
			children = (
				65F8CD6B1D0D346C008C7763 /* ReportListViewController.h */,
				65F8CD6C1D0D346C008C7763 /* ReportListViewController.m */,
				65F8CD691D0D346C008C7763 /* ReportCrankCallVC.h */,
				65F8CD6A1D0D346C008C7763 /* ReportCrankCallVC.m */,
				65F8CD6D1D0D346C008C7763 /* ReportScamsCallVC.h */,
				65F8CD6E1D0D346C008C7763 /* ReportScamsCallVC.m */,
				65F8CDA61D0FA75D008C7763 /* ReportShortMessageVC.h */,
				65F8CDA71D0FA75D008C7763 /* ReportShortMessageVC.m */,
				65F8CDA91D0FA778008C7763 /* ReportWebsiteVC.h */,
				65F8CDAA1D0FA778008C7763 /* ReportWebsiteVC.m */,
				65F8CDAC1D0FA78B008C7763 /* ReportAppVC.h */,
				65F8CDAD1D0FA78B008C7763 /* ReportAppVC.m */,
				65F8CDAF1D0FA79C008C7763 /* ReportWIFIVC.h */,
				65F8CDB01D0FA79C008C7763 /* ReportWIFIVC.m */,
				65F8CDB21D0FA7C2008C7763 /* ReportFakeBasicStationVC.h */,
				65F8CDB31D0FA7C2008C7763 /* ReportFakeBasicStationVC.m */,
				65F8CDB51D0FA7E1008C7763 /* ReportEmailVC.h */,
				65F8CDB61D0FA7E1008C7763 /* ReportEmailVC.m */,
				652190661D1B7E5E0038EEA1 /* ReportPhoneNumberIndentificationVC.h */,
				652190671D1B7E5E0038EEA1 /* ReportPhoneNumberIndentificationVC.m */,
				65DDC0781D19162400F02FA3 /* ReportInfoRevealVC.h */,
				65DDC0791D19162400F02FA3 /* ReportInfoRevealVC.m */,
				652190601D1B7DA50038EEA1 /* ReportBadNewsVC.h */,
				652190611D1B7DA50038EEA1 /* ReportBadNewsVC.m */,
				652190631D1B7E080038EEA1 /* ReportInfringmentVC.h */,
				652190641D1B7E080038EEA1 /* ReportInfringmentVC.m */,
				6521906F1D1B88FD0038EEA1 /* ReportOthersInfoVC.h */,
				652190701D1B88FD0038EEA1 /* ReportOthersInfoVC.m */,
				65F8CD901D0EA106008C7763 /* ReportDataModel.h */,
				65F8CD911D0EA106008C7763 /* ReportDataModel.m */,
			);
			path = Report;
			sourceTree = "<group>";
		};
		65F8CD721D0D34A4008C7763 /* News */ = {
			isa = PBXGroup;
			children = (
				65F8CD731D0D34A4008C7763 /* NewsDetailModel.h */,
				65F8CD741D0D34A4008C7763 /* NewsDetailModel.m */,
				65F8CD751D0D34A4008C7763 /* NewsDetailsVC.h */,
				65F8CD761D0D34A4008C7763 /* NewsDetailsVC.m */,
				65F8CD771D0D34A4008C7763 /* NewsHomeCell.h */,
				65F8CD781D0D34A4008C7763 /* NewsHomeCell.m */,
				65F8CD791D0D34A4008C7763 /* NewsHomeVC.h */,
				65F8CD7A1D0D34A4008C7763 /* NewsHomeVC.m */,
			);
			path = News;
			sourceTree = "<group>";
		};
		65F8CD7F1D0D34D8008C7763 /* Me */ = {
			isa = PBXGroup;
			children = (
				65F8CD801D0D34D8008C7763 /* LoginVC.h */,
				65F8CD811D0D34D8008C7763 /* LoginVC.m */,
				65F8CD821D0D34D8008C7763 /* MeHomeVC.h */,
				65F8CD831D0D34D8008C7763 /* MeHomeVC.m */,
				65042F7D1D2A3A11003B08F9 /* MeItemView.h */,
				65042F7E1D2A3A11003B08F9 /* MeItemView.m */,
				65042F801D2A3F0B003B08F9 /* ReportRecordListVC.h */,
				65042F811D2A3F0B003B08F9 /* ReportRecordListVC.m */,
				65F8CD891D0D4007008C7763 /* ReportRecordCell.h */,
				65F8CD8A1D0D4007008C7763 /* ReportRecordCell.m */,
				65EC908E1D2A29F5004D12B9 /* ReportRecordDetailVC.h */,
				65EC908F1D2A29F5004D12B9 /* ReportRecordDetailVC.m */,
			);
			path = Me;
			sourceTree = "<group>";
		};
		65F8CD931D0F940B008C7763 /* Resource */ = {
			isa = PBXGroup;
			children = (
				65042FC51D2B6334003B08F9 /* app_logo@3x.png */,
				65042FC61D2B6334003B08F9 /* login_phone@3x.png */,
				65042FC71D2B6334003B08F9 /* me_report_record@3x.png */,
				65042FC81D2B6334003B08F9 /* nav_back@3x.png */,
				65042FC91D2B6334003B08F9 /* next_icon@3x.png */,
				65042FCA1D2B6334003B08F9 /* official_phone@3x.png */,
				65042FCB1D2B6334003B08F9 /* official_website@3x.png */,
				65042FCC1D2B6334003B08F9 /* official_wechat@3x.png */,
				65042FCD1D2B6334003B08F9 /* report_app@3x.png */,
				65042FCE1D2B6334003B08F9 /* report_badnews@3x.png */,
				65042FCF1D2B6334003B08F9 /* report_crankcall@3x.png */,
				65042FD01D2B6334003B08F9 /* report_email_big@3x.png */,
				65042FD11D2B6334003B08F9 /* report_email@3x.png */,
				65042FD21D2B6334003B08F9 /* report_fake_station@3x.png */,
				65042FD31D2B6334003B08F9 /* report_infringement@3x.png */,
				65042FD41D2B6334003B08F9 /* report_message@3x.png */,
				65042FD51D2B6334003B08F9 /* report_others@3x.png */,
				65042FD61D2B6335003B08F9 /* report_scamcall@3x.png */,
				65042FD71D2B6335003B08F9 /* report_sim@3x.png */,
				65042FD81D2B6335003B08F9 /* report_website@3x.png */,
				65042FD91D2B6335003B08F9 /* report_wifi@3x.png */,
				65042FDA1D2B6335003B08F9 /* tabbar_me_normal@3x.png */,
				65042FDB1D2B6335003B08F9 /* tabbar_me_selected@3x.png */,
				65042FDC1D2B6335003B08F9 /* tabbar_news_normal@3x.png */,
				65042FDD1D2B6335003B08F9 /* tabbar_news_selected@3x.png */,
				65042FDE1D2B6335003B08F9 /* tabbar_report_normal@3x.png */,
				65042FDF1D2B6335003B08F9 /* tabbar_report_selected@3x.png */,
				65042FE01D2B6335003B08F9 /* type_normal@3x.png */,
				65042FE11D2B6335003B08F9 /* type_selected@3x.png */,
				65042FFF1D2B65E9003B08F9 /* report_userInfo@3x.png */,
			);
			path = Resource;
			sourceTree = "<group>";
		};
/* End PBXGroup section */

/* Begin PBXNativeTarget section */
		65F8CBAC1D07E60E008C7763 /* SH12321 */ = {
			isa = PBXNativeTarget;
			buildConfigurationList = 65F8CBC41D07E60E008C7763 /* Build configuration list for PBXNativeTarget "SH12321" */;
			buildPhases = (
				65F8CBA91D07E60E008C7763 /* Sources */,
				65F8CBAA1D07E60E008C7763 /* Frameworks */,
				65F8CBAB1D07E60E008C7763 /* Resources */,
			);
			buildRules = (
			);
			dependencies = (
			);
			name = SH12321;
			productName = SH12321;
			productReference = 65F8CBAD1D07E60E008C7763 /* SH12321.app */;
			productType = "com.apple.product-type.application";
		};
/* End PBXNativeTarget section */

/* Begin PBXProject section */
		65F8CBA51D07E60E008C7763 /* Project object */ = {
			isa = PBXProject;
			attributes = {
				LastUpgradeCheck = 0730;
				ORGANIZATIONNAME = 12321;
				TargetAttributes = {
					65F8CBAC1D07E60E008C7763 = {
						CreatedOnToolsVersion = 7.3.1;
					};
				};
			};
			buildConfigurationList = 65F8CBA81D07E60E008C7763 /* Build configuration list for PBXProject "SH12321" */;
			compatibilityVersion = "Xcode 3.2";
			developmentRegion = English;
			hasScannedForEncodings = 0;
			knownRegions = (
				en,
				Base,
			);
			mainGroup = 65F8CBA41D07E60E008C7763;
			productRefGroup = 65F8CBAE1D07E60E008C7763 /* Products */;
			projectDirPath = "";
			projectRoot = "";
			targets = (
				65F8CBAC1D07E60E008C7763 /* SH12321 */,
			);
		};
/* End PBXProject section */

/* Begin PBXResourcesBuildPhase section */
		65F8CBAB1D07E60E008C7763 /* Resources */ = {
			isa = PBXResourcesBuildPhase;
			buildActionMask = 2147483647;
			files = (
				65042FF81D2B6335003B08F9 /* tabbar_me_selected@3x.png in Resources */,
				65042FFD1D2B6335003B08F9 /* type_normal@3x.png in Resources */,
				65042FED1D2B6335003B08F9 /* report_email_big@3x.png in Resources */,
				65042FF91D2B6335003B08F9 /* tabbar_news_normal@3x.png in Resources */,
				65042FE41D2B6335003B08F9 /* me_report_record@3x.png in Resources */,
				65042FFC1D2B6335003B08F9 /* tabbar_report_selected@3x.png in Resources */,
				65042FF61D2B6335003B08F9 /* report_wifi@3x.png in Resources */,
				65F8CBC01D07E60E008C7763 /* LaunchScreen.storyboard in Resources */,
				65042FF01D2B6335003B08F9 /* report_infringement@3x.png in Resources */,
				65F8CBBD1D07E60E008C7763 /* Assets.xcassets in Resources */,
				65042FEE1D2B6335003B08F9 /* report_email@3x.png in Resources */,
				65042FE51D2B6335003B08F9 /* nav_back@3x.png in Resources */,
				65042FE21D2B6335003B08F9 /* app_logo@3x.png in Resources */,
				65042FEC1D2B6335003B08F9 /* report_crankcall@3x.png in Resources */,
				65042FF31D2B6335003B08F9 /* report_scamcall@3x.png in Resources */,
				65042FE61D2B6335003B08F9 /* next_icon@3x.png in Resources */,
				650430001D2B65E9003B08F9 /* report_userInfo@3x.png in Resources */,
				65042FF21D2B6335003B08F9 /* report_others@3x.png in Resources */,
				65042FF51D2B6335003B08F9 /* report_website@3x.png in Resources */,
				65042FFB1D2B6335003B08F9 /* tabbar_report_normal@3x.png in Resources */,
				65042FE81D2B6335003B08F9 /* official_website@3x.png in Resources */,
				65042FFA1D2B6335003B08F9 /* tabbar_news_selected@3x.png in Resources */,
				65042FEA1D2B6335003B08F9 /* report_app@3x.png in Resources */,
				65042FF11D2B6335003B08F9 /* report_message@3x.png in Resources */,
				65042FF41D2B6335003B08F9 /* report_sim@3x.png in Resources */,
				65042FE31D2B6335003B08F9 /* login_phone@3x.png in Resources */,
				65042FE91D2B6335003B08F9 /* official_wechat@3x.png in Resources */,
				65F8CBBB1D07E60E008C7763 /* Main.storyboard in Resources */,
				65042FEB1D2B6335003B08F9 /* report_badnews@3x.png in Resources */,
				65042FFE1D2B6335003B08F9 /* type_selected@3x.png in Resources */,
				65042FE71D2B6335003B08F9 /* official_phone@3x.png in Resources */,
				65042FEF1D2B6335003B08F9 /* report_fake_station@3x.png in Resources */,
				65042FF71D2B6335003B08F9 /* tabbar_me_normal@3x.png in Resources */,
			);
			runOnlyForDeploymentPostprocessing = 0;
		};
/* End PBXResourcesBuildPhase section */

/* Begin PBXSourcesBuildPhase section */
		65F8CBA91D07E60E008C7763 /* Sources */ = {
			isa = PBXSourcesBuildPhase;
			buildActionMask = 2147483647;
			files = (
				65042F7F1D2A3A11003B08F9 /* MeItemView.m in Sources */,
				657048171D17C8D300D98E92 /* SDWebImageDownloaderOperation.m in Sources */,
				65F8CD531D0D33C8008C7763 /* TGTableViewCell.m in Sources */,
				65F8CD671D0D3442008C7763 /* TGUtils.m in Sources */,
				65DDC0831D19244600F02FA3 /* ReportItemLabel.m in Sources */,
				65F8CC841D0CFE7F008C7763 /* MyMD5.m in Sources */,
				657048121D17C8D300D98E92 /* NSData+ImageContentType.m in Sources */,
				65F8CDAB1D0FA778008C7763 /* ReportWebsiteVC.m in Sources */,
				65F8CD921D0EA106008C7763 /* ReportDataModel.m in Sources */,
				657048131D17C8D300D98E92 /* SDImageCache.m in Sources */,
				65F8CD271D0D0DCE008C7763 /* AFURLConnectionOperation.m in Sources */,
				65F8CD861D0D34D8008C7763 /* LoginVC.m in Sources */,
				65199FF71D2250F200C47DD4 /* SHOperatorsListVC.m in Sources */,
				65F8CD091D0D00FB008C7763 /* SBJsonStreamWriterState.m in Sources */,
				65DDC0951D19392C00F02FA3 /* SelectTypeView.m in Sources */,
				65EC90901D2A29F5004D12B9 /* ReportRecordDetailVC.m in Sources */,
				6570481F1D17C8D300D98E92 /* UIImageView+WebCache.m in Sources */,
				652190651D1B7E080038EEA1 /* ReportInfringmentVC.m in Sources */,
				65F8CD051D0D00FB008C7763 /* SBJsonStreamParserAdapter.m in Sources */,
				65F8CBB81D07E60E008C7763 /* ViewController.m in Sources */,
				65EC908D1D2A0127004D12B9 /* DetailItemView.m in Sources */,
				65F8CD701D0D346C008C7763 /* ReportListViewController.m in Sources */,
				65F8CD7D1D0D34A4008C7763 /* NewsHomeCell.m in Sources */,
				65F8CDB41D0FA7C2008C7763 /* ReportFakeBasicStationVC.m in Sources */,
				65199FFA1D2257C700C47DD4 /* SHIllegalReasonListVC.m in Sources */,
				65199FFD1D225A1800C47DD4 /* UploadImageItemView.m in Sources */,
				65F8CD2A1D0D0DCE008C7763 /* AFURLSessionManager.m in Sources */,
				65F8CD651D0D3442008C7763 /* TGManager.m in Sources */,
				6570481D1D17C8D300D98E92 /* UIImage+WebP.m in Sources */,
				65F8CD521D0D33C8008C7763 /* TGLabel.m in Sources */,
				65F8CD711D0D346C008C7763 /* ReportScamsCallVC.m in Sources */,
				65F8CD631D0D3442008C7763 /* MMLink.m in Sources */,
				65F8CD231D0D0DCE008C7763 /* AFHTTPRequestOperationManager.m in Sources */,
				65F8CD011D0D00FB008C7763 /* NSObject+SBJson.m in Sources */,
				65DDC0891D19279C00F02FA3 /* ReportItemTextView.m in Sources */,
				65F8CD661D0D3442008C7763 /* TGModel.m in Sources */,
				65F8CD251D0D0DCE008C7763 /* AFNetworkReachabilityManager.m in Sources */,
				65F8CDB11D0FA79C008C7763 /* ReportWIFIVC.m in Sources */,
				65F8CBB51D07E60E008C7763 /* AppDelegate.m in Sources */,
				65F8CD871D0D34D8008C7763 /* MeHomeVC.m in Sources */,
				65F8CD221D0D0DCE008C7763 /* AFHTTPRequestOperation.m in Sources */,
				65F8CD561D0D33C8008C7763 /* UIView+Extension.m in Sources */,
				65F8CC901D0CFEE7008C7763 /* ServerRequest.m in Sources */,
				657048181D17C8D300D98E92 /* SDWebImageManager.m in Sources */,
				65F8CD7C1D0D34A4008C7763 /* NewsDetailsVC.m in Sources */,
				65F8CD061D0D00FB008C7763 /* SBJsonStreamParserState.m in Sources */,
				657048201D17C8D300D98E92 /* UIView+WebCacheOperation.m in Sources */,
				65F8CD261D0D0DCE008C7763 /* AFSecurityPolicy.m in Sources */,
				652190591D1A6C500038EEA1 /* SelectTimeView.m in Sources */,
				65F8CBB21D07E60E008C7763 /* main.m in Sources */,
				65F8CD031D0D00FB008C7763 /* SBJsonStreamParser.m in Sources */,
				65F8CD8E1D0E5257008C7763 /* TGRequest.m in Sources */,
				65F8CD641D0D3442008C7763 /* TGJson.m in Sources */,
				65F8CDA81D0FA75D008C7763 /* ReportShortMessageVC.m in Sources */,
				657048191D17C8D300D98E92 /* SDWebImagePrefetcher.m in Sources */,
				65F8CD0C1D0D00FB008C7763 /* SBJsonWriter.m in Sources */,
				6570481A1D17C8D300D98E92 /* UIButton+WebCache.m in Sources */,
				652190711D1B88FD0038EEA1 /* ReportOthersInfoVC.m in Sources */,
				657048141D17C8D300D98E92 /* SDWebImageCompat.m in Sources */,
				65F8CD7B1D0D34A4008C7763 /* NewsDetailModel.m in Sources */,
				6521906B1D1B80740038EEA1 /* SelectItemView.m in Sources */,
				65F8CD431D0D2FF7008C7763 /* TGService.m in Sources */,
				652190621D1B7DA50038EEA1 /* ReportBadNewsVC.m in Sources */,
				65F8CD8B1D0D4007008C7763 /* ReportRecordCell.m in Sources */,
				65F8CD551D0D33C8008C7763 /* TGViewController.m in Sources */,
				65DDC07A1D19162400F02FA3 /* ReportInfoRevealVC.m in Sources */,
				65DDC0861D19278400F02FA3 /* ReportItemTextField.m in Sources */,
				65F8CC8F1D0CFEE7008C7763 /* RequsetData.m in Sources */,
				6570481E1D17C8D300D98E92 /* UIImageView+HighlightedWebCache.m in Sources */,
				65DDC08F1D19335800F02FA3 /* SHStreetsListVC.m in Sources */,
				65F8CD241D0D0DCE008C7763 /* AFHTTPSessionManager.m in Sources */,
				65F8CD021D0D00FB008C7763 /* SBJsonParser.m in Sources */,
				65DDC0921D19337700F02FA3 /* SHAreasListVC.m in Sources */,
				65F8CD081D0D00FB008C7763 /* SBJsonStreamWriterAccumulator.m in Sources */,
				65F8CDB71D0FA7E1008C7763 /* ReportEmailVC.m in Sources */,
				652190681D1B7E5E0038EEA1 /* ReportPhoneNumberIndentificationVC.m in Sources */,
				65F8CD041D0D00FB008C7763 /* SBJsonStreamParserAccumulator.m in Sources */,
				65F8CD0A1D0D00FB008C7763 /* SBJsonTokeniser.m in Sources */,
				65F8CD7E1D0D34A4008C7763 /* NewsHomeVC.m in Sources */,
				65F8CD541D0D33C8008C7763 /* TGView.m in Sources */,
				65F8CD281D0D0DCE008C7763 /* AFURLRequestSerialization.m in Sources */,
				657048111D17C8D300D98E92 /* MKAnnotationView+WebCache.m in Sources */,
				65F8CD0B1D0D00FB008C7763 /* SBJsonUTF8Stream.m in Sources */,
				65EC908A1D29FC09004D12B9 /* DetailTypeView.m in Sources */,
				657048231D17D1D200D98E92 /* TGToast.m in Sources */,
				65F8CD511D0D33C8008C7763 /* TGButton.m in Sources */,
				657048161D17C8D300D98E92 /* SDWebImageDownloader.m in Sources */,
				6570481C1D17C8D300D98E92 /* UIImage+MultiFormat.m in Sources */,
				65DDC0801D19206900F02FA3 /* CommitButton.m in Sources */,
				65F8CD291D0D0DCE008C7763 /* AFURLResponseSerialization.m in Sources */,
				657048151D17C8D300D98E92 /* SDWebImageDecoder.m in Sources */,
				65F8CD6F1D0D346C008C7763 /* ReportCrankCallVC.m in Sources */,
				65F8CDAE1D0FA78B008C7763 /* ReportAppVC.m in Sources */,
				6570481B1D17C8D300D98E92 /* UIImage+GIF.m in Sources */,
				65F8CD071D0D00FB008C7763 /* SBJsonStreamWriter.m in Sources */,
				65042F821D2A3F0B003B08F9 /* ReportRecordListVC.m in Sources */,
			);
			runOnlyForDeploymentPostprocessing = 0;
		};
/* End PBXSourcesBuildPhase section */

/* Begin PBXVariantGroup section */
		65F8CBB91D07E60E008C7763 /* Main.storyboard */ = {
			isa = PBXVariantGroup;
			children = (
				65F8CBBA1D07E60E008C7763 /* Base */,
			);
			name = Main.storyboard;
			sourceTree = "<group>";
		};
		65F8CBBE1D07E60E008C7763 /* LaunchScreen.storyboard */ = {
			isa = PBXVariantGroup;
			children = (
				65F8CBBF1D07E60E008C7763 /* Base */,
			);
			name = LaunchScreen.storyboard;
			sourceTree = "<group>";
		};
/* End PBXVariantGroup section */

/* Begin XCBuildConfiguration section */
		65F8CBC21D07E60E008C7763 /* Debug */ = {
			isa = XCBuildConfiguration;
			buildSettings = {
				ALWAYS_SEARCH_USER_PATHS = NO;
				CLANG_ANALYZER_NONNULL = YES;
				CLANG_CXX_LANGUAGE_STANDARD = "gnu++0x";
				CLANG_CXX_LIBRARY = "libc++";
				CLANG_ENABLE_MODULES = YES;
				CLANG_ENABLE_OBJC_ARC = YES;
				CLANG_WARN_BOOL_CONVERSION = YES;
				CLANG_WARN_CONSTANT_CONVERSION = YES;
				CLANG_WARN_DIRECT_OBJC_ISA_USAGE = YES_ERROR;
				CLANG_WARN_EMPTY_BODY = YES;
				CLANG_WARN_ENUM_CONVERSION = YES;
				CLANG_WARN_INT_CONVERSION = YES;
				CLANG_WARN_OBJC_ROOT_CLASS = YES_ERROR;
				CLANG_WARN_UNREACHABLE_CODE = YES;
				CLANG_WARN__DUPLICATE_METHOD_MATCH = YES;
				"CODE_SIGN_IDENTITY[sdk=iphoneos*]" = "iPhone Developer";
				COPY_PHASE_STRIP = NO;
				DEBUG_INFORMATION_FORMAT = dwarf;
				ENABLE_STRICT_OBJC_MSGSEND = YES;
				ENABLE_TESTABILITY = YES;
				GCC_C_LANGUAGE_STANDARD = gnu99;
				GCC_DYNAMIC_NO_PIC = NO;
				GCC_NO_COMMON_BLOCKS = YES;
				GCC_OPTIMIZATION_LEVEL = 0;
				GCC_PREPROCESSOR_DEFINITIONS = (
					"DEBUG=1",
					"$(inherited)",
				);
				GCC_WARN_64_TO_32_BIT_CONVERSION = YES;
				GCC_WARN_ABOUT_RETURN_TYPE = YES_ERROR;
				GCC_WARN_UNDECLARED_SELECTOR = YES;
				GCC_WARN_UNINITIALIZED_AUTOS = YES_AGGRESSIVE;
				GCC_WARN_UNUSED_FUNCTION = YES;
				GCC_WARN_UNUSED_VARIABLE = YES;
				IPHONEOS_DEPLOYMENT_TARGET = 9.3;
				MTL_ENABLE_DEBUG_INFO = YES;
				ONLY_ACTIVE_ARCH = YES;
				SDKROOT = iphoneos;
			};
			name = Debug;
		};
		65F8CBC31D07E60E008C7763 /* Release */ = {
			isa = XCBuildConfiguration;
			buildSettings = {
				ALWAYS_SEARCH_USER_PATHS = NO;
				CLANG_ANALYZER_NONNULL = YES;
				CLANG_CXX_LANGUAGE_STANDARD = "gnu++0x";
				CLANG_CXX_LIBRARY = "libc++";
				CLANG_ENABLE_MODULES = YES;
				CLANG_ENABLE_OBJC_ARC = YES;
				CLANG_WARN_BOOL_CONVERSION = YES;
				CLANG_WARN_CONSTANT_CONVERSION = YES;
				CLANG_WARN_DIRECT_OBJC_ISA_USAGE = YES_ERROR;
				CLANG_WARN_EMPTY_BODY = YES;
				CLANG_WARN_ENUM_CONVERSION = YES;
				CLANG_WARN_INT_CONVERSION = YES;
				CLANG_WARN_OBJC_ROOT_CLASS = YES_ERROR;
				CLANG_WARN_UNREACHABLE_CODE = YES;
				CLANG_WARN__DUPLICATE_METHOD_MATCH = YES;
				"CODE_SIGN_IDENTITY[sdk=iphoneos*]" = "iPhone Developer";
				COPY_PHASE_STRIP = NO;
				DEBUG_INFORMATION_FORMAT = "dwarf-with-dsym";
				ENABLE_NS_ASSERTIONS = NO;
				ENABLE_STRICT_OBJC_MSGSEND = YES;
				GCC_C_LANGUAGE_STANDARD = gnu99;
				GCC_NO_COMMON_BLOCKS = YES;
				GCC_WARN_64_TO_32_BIT_CONVERSION = YES;
				GCC_WARN_ABOUT_RETURN_TYPE = YES_ERROR;
				GCC_WARN_UNDECLARED_SELECTOR = YES;
				GCC_WARN_UNINITIALIZED_AUTOS = YES_AGGRESSIVE;
				GCC_WARN_UNUSED_FUNCTION = YES;
				GCC_WARN_UNUSED_VARIABLE = YES;
				IPHONEOS_DEPLOYMENT_TARGET = 9.3;
				MTL_ENABLE_DEBUG_INFO = NO;
				SDKROOT = iphoneos;
				VALIDATE_PRODUCT = YES;
			};
			name = Release;
		};
		65F8CBC51D07E60E008C7763 /* Debug */ = {
			isa = XCBuildConfiguration;
			buildSettings = {
				ASSETCATALOG_COMPILER_APPICON_NAME = AppIcon;
				CLANG_ENABLE_MODULES = YES;
				CODE_SIGN_IDENTITY = "iPhone Developer";
				"CODE_SIGN_IDENTITY[sdk=iphoneos*]" = "iPhone Developer";
				GCC_PRECOMPILE_PREFIX_HEADER = YES;
				GCC_PREFIX_HEADER = "$(SRCROOT)/SH12321/Configs/SH12321PrefixHeader.pch";
				INFOPLIST_FILE = SH12321/Info.plist;
				LD_RUNPATH_SEARCH_PATHS = "$(inherited) @executable_path/Frameworks";
				PRODUCT_BUNDLE_IDENTIFIER = com.sh.12321.SH12321;
				PRODUCT_NAME = "$(TARGET_NAME)";
				PROVISIONING_PROFILE = "";
				SWIFT_OPTIMIZATION_LEVEL = "-Onone";
			};
			name = Debug;
		};
		65F8CBC61D07E60E008C7763 /* Release */ = {
			isa = XCBuildConfiguration;
			buildSettings = {
				ASSETCATALOG_COMPILER_APPICON_NAME = AppIcon;
				CLANG_ENABLE_MODULES = YES;
				CODE_SIGN_IDENTITY = "iPhone Developer";
				"CODE_SIGN_IDENTITY[sdk=iphoneos*]" = "iPhone Developer";
				GCC_PRECOMPILE_PREFIX_HEADER = YES;
				GCC_PREFIX_HEADER = "$(SRCROOT)/SH12321/Configs/SH12321PrefixHeader.pch";
				INFOPLIST_FILE = SH12321/Info.plist;
				LD_RUNPATH_SEARCH_PATHS = "$(inherited) @executable_path/Frameworks";
				PRODUCT_BUNDLE_IDENTIFIER = com.sh.12321.SH12321;
				PRODUCT_NAME = "$(TARGET_NAME)";
				PROVISIONING_PROFILE = "";
			};
			name = Release;
		};
/* End XCBuildConfiguration section */

/* Begin XCConfigurationList section */
		65F8CBA81D07E60E008C7763 /* Build configuration list for PBXProject "SH12321" */ = {
			isa = XCConfigurationList;
			buildConfigurations = (
				65F8CBC21D07E60E008C7763 /* Debug */,
				65F8CBC31D07E60E008C7763 /* Release */,
			);
			defaultConfigurationIsVisible = 0;
			defaultConfigurationName = Release;
		};
		65F8CBC41D07E60E008C7763 /* Build configuration list for PBXNativeTarget "SH12321" */ = {
			isa = XCConfigurationList;
			buildConfigurations = (
				65F8CBC51D07E60E008C7763 /* Debug */,
				65F8CBC61D07E60E008C7763 /* Release */,
			);
			defaultConfigurationIsVisible = 0;
			defaultConfigurationName = Release;
		};
/* End XCConfigurationList section */
	};
	rootObject = 65F8CBA51D07E60E008C7763 /* Project object */;
}
